
Microsoft Visual Studio Solution File, Format Version 11.00
# Visual Studio 2010
Project("{FAE04EC0-301F-11D3-BF4B-00C04F79EFBC}") = "(x86) GraphicsTests", "GraphicsTests\GraphicsTests\(x86) GraphicsTests.csproj", "{16BBB7B6-E1AD-4103-9007-0C1066C61087}"
EndProject
Project("{FAE04EC0-301F-11D3-BF4B-00C04F79EFBC}") = "GraphicsTestsContent", "GraphicsTests\GraphicsTestsContent\GraphicsTestsContent.contentproj", "{DEC9B15B-B494-4E18-82D6-5B62E9CD32FF}"
EndProject
Project("{2150E333-8FDC-42A3-9474-1A3956D46DE8}") = "Myre", "Myre", "{994F992F-D6C9-4152-85CF-E6D49E321BB4}"
EndProject
Project("{FAE04EC0-301F-11D3-BF4B-00C04F79EFBC}") = "(x86) Myre", "..\Myre\Myre\(x86) Myre.csproj", "{FDB5A9D8-9266-4F7B-BDE7-D4E720F5B45F}"
EndProject
Project("{FAE04EC0-301F-11D3-BF4B-00C04F79EFBC}") = "(x86) Myre.Debugging", "..\Myre\Myre.Debugging\(x86) Myre.Debugging.csproj", "{F987DEC5-E12F-4566-A200-DE18D6044E21}"
EndProject
Project("{FAE04EC0-301F-11D3-BF4B-00C04F79EFBC}") = "(x86) Myre.Debugging.UI", "..\Myre\Myre.Debugging.UI\(x86) Myre.Debugging.UI.csproj", "{A753A526-F119-4913-AA45-252706E9C84B}"
EndProject
Project("{FAE04EC0-301F-11D3-BF4B-00C04F79EFBC}") = "(x86) Myre.Entities", "..\Myre\Myre.Entities\(x86) Myre.Entities.csproj", "{5CDABE8C-7C9C-4163-8C85-FEA731088239}"
EndProject
Project("{FAE04EC0-301F-11D3-BF4B-00C04F79EFBC}") = "(x86) Myre.Graphics", "..\Myre\Myre.Graphics\(x86) Myre.Graphics.csproj", "{FC3D8E34-3333-42FB-9B47-3A273B1B50D8}"
EndProject
Project("{FAE04EC0-301F-11D3-BF4B-00C04F79EFBC}") = "Myre.Graphics.Pipeline", "..\Myre\Myre.Graphics.Pipeline\Myre.Graphics.Pipeline.csproj", "{65716E12-A629-449B-91A3-BF1A1ABEB56A}"
EndProject
Project("{FAE04EC0-301F-11D3-BF4B-00C04F79EFBC}") = "(x86) Myre.Physics", "..\Myre\Myre.Physics\(x86) Myre.Physics.csproj", "{DF7B71E5-B8C9-4919-A15D-F1187556A909}"
EndProject
Project("{FAE04EC0-301F-11D3-BF4B-00C04F79EFBC}") = "(x86) Myre.StateManagement", "..\Myre\Myre.StateManagement\(x86) Myre.StateManagement.csproj", "{630AEBBC-AF42-4700-A24F-F4B6FF8172F1}"
EndProject
Project("{FAE04EC0-301F-11D3-BF4B-00C04F79EFBC}") = "(x86) Myre.UI", "..\Myre\Myre.UI\(x86) Myre.UI.csproj", "{ADFDCC4A-8805-4BCA-9FBA-FB04920AFA33}"
EndProject
Global
	GlobalSection(SolutionConfigurationPlatforms) = preSolution
		Debug|Any CPU = Debug|Any CPU
		Debug|x86 = Debug|x86
		Profile|Any CPU = Profile|Any CPU
		Profile|x86 = Profile|x86
		Release|Any CPU = Release|Any CPU
		Release|x86 = Release|x86
	EndGlobalSection
	GlobalSection(ProjectConfigurationPlatforms) = postSolution
		{16BBB7B6-E1AD-4103-9007-0C1066C61087}.Debug|Any CPU.ActiveCfg = Debug|x86
		{16BBB7B6-E1AD-4103-9007-0C1066C61087}.Debug|x86.ActiveCfg = Debug|x86
		{16BBB7B6-E1AD-4103-9007-0C1066C61087}.Debug|x86.Build.0 = Debug|x86
		{16BBB7B6-E1AD-4103-9007-0C1066C61087}.Profile|Any CPU.ActiveCfg = Release|x86
		{16BBB7B6-E1AD-4103-9007-0C1066C61087}.Profile|x86.ActiveCfg = Release|x86
		{16BBB7B6-E1AD-4103-9007-0C1066C61087}.Profile|x86.Build.0 = Release|x86
		{16BBB7B6-E1AD-4103-9007-0C1066C61087}.Release|Any CPU.ActiveCfg = Release|x86
		{16BBB7B6-E1AD-4103-9007-0C1066C61087}.Release|x86.ActiveCfg = Release|x86
		{16BBB7B6-E1AD-4103-9007-0C1066C61087}.Release|x86.Build.0 = Release|x86
		{DEC9B15B-B494-4E18-82D6-5B62E9CD32FF}.Debug|Any CPU.ActiveCfg = Debug|Any CPU
		{DEC9B15B-B494-4E18-82D6-5B62E9CD32FF}.Debug|x86.ActiveCfg = Debug|Any CPU
		{DEC9B15B-B494-4E18-82D6-5B62E9CD32FF}.Profile|Any CPU.ActiveCfg = Debug|Any CPU
		{DEC9B15B-B494-4E18-82D6-5B62E9CD32FF}.Profile|x86.ActiveCfg = Debug|Any CPU
		{DEC9B15B-B494-4E18-82D6-5B62E9CD32FF}.Release|Any CPU.ActiveCfg = Debug|Any CPU
		{DEC9B15B-B494-4E18-82D6-5B62E9CD32FF}.Release|x86.ActiveCfg = Debug|Any CPU
		{FDB5A9D8-9266-4F7B-BDE7-D4E720F5B45F}.Debug|Any CPU.ActiveCfg = Debug|x86
		{FDB5A9D8-9266-4F7B-BDE7-D4E720F5B45F}.Debug|x86.ActiveCfg = Debug|x86
		{FDB5A9D8-9266-4F7B-BDE7-D4E720F5B45F}.Debug|x86.Build.0 = Debug|x86
		{FDB5A9D8-9266-4F7B-BDE7-D4E720F5B45F}.Profile|Any CPU.ActiveCfg = Profile|x86
		{FDB5A9D8-9266-4F7B-BDE7-D4E720F5B45F}.Profile|x86.ActiveCfg = Profile|x86
		{FDB5A9D8-9266-4F7B-BDE7-D4E720F5B45F}.Profile|x86.Build.0 = Profile|x86
		{FDB5A9D8-9266-4F7B-BDE7-D4E720F5B45F}.Release|Any CPU.ActiveCfg = Release|x86
		{FDB5A9D8-9266-4F7B-BDE7-D4E720F5B45F}.Release|x86.ActiveCfg = Release|x86
		{FDB5A9D8-9266-4F7B-BDE7-D4E720F5B45F}.Release|x86.Build.0 = Release|x86
		{F987DEC5-E12F-4566-A200-DE18D6044E21}.Debug|Any CPU.ActiveCfg = Debug|x86
		{F987DEC5-E12F-4566-A200-DE18D6044E21}.Debug|x86.ActiveCfg = Debug|x86
		{F987DEC5-E12F-4566-A200-DE18D6044E21}.Debug|x86.Build.0 = Debug|x86
		{F987DEC5-E12F-4566-A200-DE18D6044E21}.Profile|Any CPU.ActiveCfg = Profile|x86
		{F987DEC5-E12F-4566-A200-DE18D6044E21}.Profile|x86.ActiveCfg = Profile|x86
		{F987DEC5-E12F-4566-A200-DE18D6044E21}.Profile|x86.Build.0 = Profile|x86
		{F987DEC5-E12F-4566-A200-DE18D6044E21}.Release|Any CPU.ActiveCfg = Release|x86
		{F987DEC5-E12F-4566-A200-DE18D6044E21}.Release|x86.ActiveCfg = Release|x86
		{F987DEC5-E12F-4566-A200-DE18D6044E21}.Release|x86.Build.0 = Release|x86
		{A753A526-F119-4913-AA45-252706E9C84B}.Debug|Any CPU.ActiveCfg = Debug|x86
		{A753A526-F119-4913-AA45-252706E9C84B}.Debug|x86.ActiveCfg = Debug|x86
		{A753A526-F119-4913-AA45-252706E9C84B}.Debug|x86.Build.0 = Debug|x86
		{A753A526-F119-4913-AA45-252706E9C84B}.Profile|Any CPU.ActiveCfg = Profile|x86
		{A753A526-F119-4913-AA45-252706E9C84B}.Profile|x86.ActiveCfg = Profile|x86
		{A753A526-F119-4913-AA45-252706E9C84B}.Profile|x86.Build.0 = Profile|x86
		{A753A526-F119-4913-AA45-252706E9C84B}.Release|Any CPU.ActiveCfg = Release|x86
		{A753A526-F119-4913-AA45-252706E9C84B}.Release|x86.ActiveCfg = Release|x86
		{A753A526-F119-4913-AA45-252706E9C84B}.Release|x86.Build.0 = Release|x86
		{5CDABE8C-7C9C-4163-8C85-FEA731088239}.Debug|Any CPU.ActiveCfg = Debug|x86
		{5CDABE8C-7C9C-4163-8C85-FEA731088239}.Debug|x86.ActiveCfg = Debug|x86
		{5CDABE8C-7C9C-4163-8C85-FEA731088239}.Debug|x86.Build.0 = Debug|x86
		{5CDABE8C-7C9C-4163-8C85-FEA731088239}.Profile|Any CPU.ActiveCfg = Profile|x86
		{5CDABE8C-7C9C-4163-8C85-FEA731088239}.Profile|x86.ActiveCfg = Profile|x86
		{5CDABE8C-7C9C-4163-8C85-FEA731088239}.Profile|x86.Build.0 = Profile|x86
		{5CDABE8C-7C9C-4163-8C85-FEA731088239}.Release|Any CPU.ActiveCfg = Release|x86
		{5CDABE8C-7C9C-4163-8C85-FEA731088239}.Release|x86.ActiveCfg = Release|x86
		{5CDABE8C-7C9C-4163-8C85-FEA731088239}.Release|x86.Build.0 = Release|x86
		{FC3D8E34-3333-42FB-9B47-3A273B1B50D8}.Debug|Any CPU.ActiveCfg = Debug|x86
		{FC3D8E34-3333-42FB-9B47-3A273B1B50D8}.Debug|x86.ActiveCfg = Debug|x86
		{FC3D8E34-3333-42FB-9B47-3A273B1B50D8}.Debug|x86.Build.0 = Debug|x86
		{FC3D8E34-3333-42FB-9B47-3A273B1B50D8}.Profile|Any CPU.ActiveCfg = Profile|x86
		{FC3D8E34-3333-42FB-9B47-3A273B1B50D8}.Profile|x86.ActiveCfg = Profile|x86
		{FC3D8E34-3333-42FB-9B47-3A273B1B50D8}.Profile|x86.Build.0 = Profile|x86
		{FC3D8E34-3333-42FB-9B47-3A273B1B50D8}.Release|Any CPU.ActiveCfg = Release|x86
		{FC3D8E34-3333-42FB-9B47-3A273B1B50D8}.Release|x86.ActiveCfg = Release|x86
		{FC3D8E34-3333-42FB-9B47-3A273B1B50D8}.Release|x86.Build.0 = Release|x86
		{65716E12-A629-449B-91A3-BF1A1ABEB56A}.Debug|Any CPU.ActiveCfg = Debug|x86
		{65716E12-A629-449B-91A3-BF1A1ABEB56A}.Debug|Any CPU.Build.0 = Debug|x86
		{65716E12-A629-449B-91A3-BF1A1ABEB56A}.Debug|x86.ActiveCfg = Debug|x86
		{65716E12-A629-449B-91A3-BF1A1ABEB56A}.Debug|x86.Build.0 = Debug|x86
		{65716E12-A629-449B-91A3-BF1A1ABEB56A}.Profile|Any CPU.ActiveCfg = Debug|x86
		{65716E12-A629-449B-91A3-BF1A1ABEB56A}.Profile|Any CPU.Build.0 = Debug|x86
		{65716E12-A629-449B-91A3-BF1A1ABEB56A}.Profile|x86.ActiveCfg = Debug|x86
		{65716E12-A629-449B-91A3-BF1A1ABEB56A}.Profile|x86.Build.0 = Debug|x86
		{65716E12-A629-449B-91A3-BF1A1ABEB56A}.Release|Any CPU.ActiveCfg = Debug|x86
		{65716E12-A629-449B-91A3-BF1A1ABEB56A}.Release|Any CPU.Build.0 = Debug|x86
		{65716E12-A629-449B-91A3-BF1A1ABEB56A}.Release|x86.ActiveCfg = Debug|x86
		{65716E12-A629-449B-91A3-BF1A1ABEB56A}.Release|x86.Build.0 = Debug|x86
		{DF7B71E5-B8C9-4919-A15D-F1187556A909}.Debug|Any CPU.ActiveCfg = Debug|x86
		{DF7B71E5-B8C9-4919-A15D-F1187556A909}.Debug|x86.ActiveCfg = Debug|x86
		{DF7B71E5-B8C9-4919-A15D-F1187556A909}.Debug|x86.Build.0 = Debug|x86
		{DF7B71E5-B8C9-4919-A15D-F1187556A909}.Profile|Any CPU.ActiveCfg = Profile|x86
		{DF7B71E5-B8C9-4919-A15D-F1187556A909}.Profile|x86.ActiveCfg = Profile|x86
		{DF7B71E5-B8C9-4919-A15D-F1187556A909}.Profile|x86.Build.0 = Profile|x86
		{DF7B71E5-B8C9-4919-A15D-F1187556A909}.Release|Any CPU.ActiveCfg = Release|x86
		{DF7B71E5-B8C9-4919-A15D-F1187556A909}.Release|x86.ActiveCfg = Release|x86
		{DF7B71E5-B8C9-4919-A15D-F1187556A909}.Release|x86.Build.0 = Release|x86
		{630AEBBC-AF42-4700-A24F-F4B6FF8172F1}.Debug|Any CPU.ActiveCfg = Debug|x86
		{630AEBBC-AF42-4700-A24F-F4B6FF8172F1}.Debug|x86.ActiveCfg = Debug|x86
		{630AEBBC-AF42-4700-A24F-F4B6FF8172F1}.Debug|x86.Build.0 = Debug|x86
		{630AEBBC-AF42-4700-A24F-F4B6FF8172F1}.Profile|Any CPU.ActiveCfg = Profile|x86
		{630AEBBC-AF42-4700-A24F-F4B6FF8172F1}.Profile|x86.ActiveCfg = Profile|x86
		{630AEBBC-AF42-4700-A24F-F4B6FF8172F1}.Profile|x86.Build.0 = Profile|x86
		{630AEBBC-AF42-4700-A24F-F4B6FF8172F1}.Release|Any CPU.ActiveCfg = Release|x86
		{630AEBBC-AF42-4700-A24F-F4B6FF8172F1}.Release|x86.ActiveCfg = Release|x86
		{630AEBBC-AF42-4700-A24F-F4B6FF8172F1}.Release|x86.Build.0 = Release|x86
		{ADFDCC4A-8805-4BCA-9FBA-FB04920AFA33}.Debug|Any CPU.ActiveCfg = Debug|x86
		{ADFDCC4A-8805-4BCA-9FBA-FB04920AFA33}.Debug|x86.ActiveCfg = Debug|x86
		{ADFDCC4A-8805-4BCA-9FBA-FB04920AFA33}.Debug|x86.Build.0 = Debug|x86
		{ADFDCC4A-8805-4BCA-9FBA-FB04920AFA33}.Profile|Any CPU.ActiveCfg = Profile|x86
		{ADFDCC4A-8805-4BCA-9FBA-FB04920AFA33}.Profile|x86.ActiveCfg = Profile|x86
		{ADFDCC4A-8805-4BCA-9FBA-FB04920AFA33}.Profile|x86.Build.0 = Profile|x86
		{ADFDCC4A-8805-4BCA-9FBA-FB04920AFA33}.Release|Any CPU.ActiveCfg = Release|x86
		{ADFDCC4A-8805-4BCA-9FBA-FB04920AFA33}.Release|x86.ActiveCfg = Release|x86
		{ADFDCC4A-8805-4BCA-9FBA-FB04920AFA33}.Release|x86.Build.0 = Release|x86
	EndGlobalSection
	GlobalSection(SolutionProperties) = preSolution
		HideSolutionNode = FALSE
	EndGlobalSection
	GlobalSection(NestedProjects) = preSolution
		{FDB5A9D8-9266-4F7B-BDE7-D4E720F5B45F} = {994F992F-D6C9-4152-85CF-E6D49E321BB4}
		{F987DEC5-E12F-4566-A200-DE18D6044E21} = {994F992F-D6C9-4152-85CF-E6D49E321BB4}
		{A753A526-F119-4913-AA45-252706E9C84B} = {994F992F-D6C9-4152-85CF-E6D49E321BB4}
		{5CDABE8C-7C9C-4163-8C85-FEA731088239} = {994F992F-D6C9-4152-85CF-E6D49E321BB4}
		{FC3D8E34-3333-42FB-9B47-3A273B1B50D8} = {994F992F-D6C9-4152-85CF-E6D49E321BB4}
		{65716E12-A629-449B-91A3-BF1A1ABEB56A} = {994F992F-D6C9-4152-85CF-E6D49E321BB4}
		{DF7B71E5-B8C9-4919-A15D-F1187556A909} = {994F992F-D6C9-4152-85CF-E6D49E321BB4}
		{630AEBBC-AF42-4700-A24F-F4B6FF8172F1} = {994F992F-D6C9-4152-85CF-E6D49E321BB4}
		{ADFDCC4A-8805-4BCA-9FBA-FB04920AFA33} = {994F992F-D6C9-4152-85CF-E6D49E321BB4}
	EndGlobalSection
EndGlobal
