
Microsoft Visual Studio Solution File, Format Version 11.00
# Visual Studio 2010
Project("{FAE04EC0-301F-11D3-BF4B-00C04F79EFBC}") = "(x86) Myre", "Myre\(x86) Myre.csproj", "{FDB5A9D8-9266-4F7B-BDE7-D4E720F5B45F}"
EndProject
Project("{FAE04EC0-301F-11D3-BF4B-00C04F79EFBC}") = "(x86) Myre.StateManagement", "Myre.StateManagement\(x86) Myre.StateManagement.csproj", "{630AEBBC-AF42-4700-A24F-F4B6FF8172F1}"
EndProject
Project("{FAE04EC0-301F-11D3-BF4B-00C04F79EFBC}") = "(x86) Myre.Entities", "Myre.Entities\(x86) Myre.Entities.csproj", "{5CDABE8C-7C9C-4163-8C85-FEA731088239}"
EndProject
Project("{FAE04EC0-301F-11D3-BF4B-00C04F79EFBC}") = "(x86) Myre.UI", "Myre.UI\(x86) Myre.UI.csproj", "{ADFDCC4A-8805-4BCA-9FBA-FB04920AFA33}"
EndProject
Project("{FAE04EC0-301F-11D3-BF4B-00C04F79EFBC}") = "(x86) Myre.Debugging", "Myre.Debugging\(x86) Myre.Debugging.csproj", "{F987DEC5-E12F-4566-A200-DE18D6044E21}"
EndProject
Project("{FAE04EC0-301F-11D3-BF4B-00C04F79EFBC}") = "(x86) Myre.Debugging.UI", "Myre.Debugging.UI\(x86) Myre.Debugging.UI.csproj", "{A753A526-F119-4913-AA45-252706E9C84B}"
EndProject
Project("{FAE04EC0-301F-11D3-BF4B-00C04F79EFBC}") = "(x86) Myre.Physics", "Myre.Physics\(x86) Myre.Physics.csproj", "{DF7B71E5-B8C9-4919-A15D-F1187556A909}"
EndProject
Project("{FAE04EC0-301F-11D3-BF4B-00C04F79EFBC}") = "(WP7) Myre", "Myre\(WP7) Myre.csproj", "{64AB93AB-0058-4EB2-82DF-F5D219B684C1}"
EndProject
Project("{FAE04EC0-301F-11D3-BF4B-00C04F79EFBC}") = "(WP7) Myre.Debugging", "Myre.Debugging\(WP7) Myre.Debugging.csproj", "{C9FCCA1A-B54D-4E1B-8F21-1E408F9D6883}"
EndProject
Project("{FAE04EC0-301F-11D3-BF4B-00C04F79EFBC}") = "(WP7) Myre.UI", "Myre.UI\(WP7) Myre.UI.csproj", "{94DFEAB5-69AC-4FDF-B998-1FB883161B71}"
EndProject
Project("{FAE04EC0-301F-11D3-BF4B-00C04F79EFBC}") = "(WP7) Myre.Debugging.UI", "Myre.Debugging.UI\(WP7) Myre.Debugging.UI.csproj", "{DAA16A56-9FCB-4D8C-81FB-65C755F6953C}"
EndProject
Project("{FAE04EC0-301F-11D3-BF4B-00C04F79EFBC}") = "(WP7) Myre.Entities", "Myre.Entities\(WP7) Myre.Entities.csproj", "{8B332F69-0F1B-4F66-ADD3-39F87D55A551}"
EndProject
Project("{FAE04EC0-301F-11D3-BF4B-00C04F79EFBC}") = "(WP7) Myre.Physics", "Myre.Physics\(WP7) Myre.Physics.csproj", "{9244AAF3-A858-4EEE-97D3-8D906E5E6875}"
EndProject
Project("{FAE04EC0-301F-11D3-BF4B-00C04F79EFBC}") = "(WP7) Myre.StateManagement", "Myre.StateManagement\(WP7) Myre.StateManagement.csproj", "{A8EEC51C-81A8-4863-BBA2-42E1F7A01203}"
EndProject
Project("{2150E333-8FDC-42A3-9474-1A3956D46DE8}") = "WP7", "WP7", "{2539B782-1AF0-44D2-9D91-5FB05D61ACB7}"
EndProject
Project("{2150E333-8FDC-42A3-9474-1A3956D46DE8}") = "x86", "x86", "{51639AEF-1947-441F-AF85-62E9FE1C5F63}"
EndProject
Project("{FAE04EC0-301F-11D3-BF4B-00C04F79EFBC}") = "(360) Myre", "Myre\(360) Myre.csproj", "{D8692844-58C6-477A-B85F-20A08B6E191B}"
EndProject
Project("{FAE04EC0-301F-11D3-BF4B-00C04F79EFBC}") = "(360) Myre.Debugging", "Myre.Debugging\(360) Myre.Debugging.csproj", "{28588CF1-B67A-40D6-B084-90A40E986220}"
EndProject
Project("{FAE04EC0-301F-11D3-BF4B-00C04F79EFBC}") = "(360) Myre.UI", "Myre.UI\(360) Myre.UI.csproj", "{0DFFBEA4-FB61-4C72-98C4-04030E9EE7EC}"
EndProject
Project("{FAE04EC0-301F-11D3-BF4B-00C04F79EFBC}") = "(360) Myre.Debugging.UI", "Myre.Debugging.UI\(360) Myre.Debugging.UI.csproj", "{DEB160AD-2CEA-471C-AE78-9F2DFDD58D7F}"
EndProject
Project("{FAE04EC0-301F-11D3-BF4B-00C04F79EFBC}") = "(360) Myre.Entities", "Myre.Entities\(360) Myre.Entities.csproj", "{AFCBCBDD-FD5A-4627-B645-E74BE8DD259A}"
EndProject
Project("{FAE04EC0-301F-11D3-BF4B-00C04F79EFBC}") = "(360) Myre.Physics", "Myre.Physics\(360) Myre.Physics.csproj", "{F47B81C7-36F7-4DD5-9437-EDEE749E8A30}"
EndProject
Project("{FAE04EC0-301F-11D3-BF4B-00C04F79EFBC}") = "(360) Myre.StateManagement", "Myre.StateManagement\(360) Myre.StateManagement.csproj", "{518A150F-DB32-4106-9A57-D7A2FA2A6F1B}"
EndProject
Project("{FAE04EC0-301F-11D3-BF4B-00C04F79EFBC}") = "(x86) Myre.Graphics", "Myre.Graphics\(x86) Myre.Graphics.csproj", "{FC3D8E34-3333-42FB-9B47-3A273B1B50D8}"
EndProject
Project("{FAE04EC0-301F-11D3-BF4B-00C04F79EFBC}") = "Myre.Graphics.Pipeline", "Myre.Graphics.Pipeline\Myre.Graphics.Pipeline.csproj", "{65716E12-A629-449B-91A3-BF1A1ABEB56A}"
EndProject
Project("{2150E333-8FDC-42A3-9474-1A3956D46DE8}") = "360", "360", "{4039A3D4-E465-43DD-8FD2-A757A027DD83}"
EndProject
Project("{FAE04EC0-301F-11D3-BF4B-00C04F79EFBC}") = "(360) Myre.Graphics", "Myre.Graphics\(360) Myre.Graphics.csproj", "{F40925B3-500A-41C8-ABF8-78D6759C7F4A}"
EndProject
Project("{FAE04EC0-301F-11D3-BF4B-00C04F79EFBC}") = "(x86) Myre.Serialisation", "Myre.Serialisation\(x86) Myre.Serialisation.csproj", "{73911D37-4250-40BD-8F15-20824D586319}"
EndProject
Project("{FAE04EC0-301F-11D3-BF4B-00C04F79EFBC}") = "Myre.Graphics.Content", "Myre.Graphics.Content\Myre.Graphics.Content.contentproj", "{EC58850F-3960-426A-BE7D-7DFB67CB00A8}"
EndProject
Project("{FAE04EC0-301F-11D3-BF4B-00C04F79EFBC}") = "Myre.Graphics.ModelViewer", "Myre.Graphics.ModelViewer\Myre.Graphics.ModelViewer.csproj", "{8B8179FB-343A-4B84-A4D1-3A5D945411F6}"
EndProject
Global
	GlobalSection(TestCaseManagementSettings) = postSolution
		CategoryFile = Myre.vsmdi
	EndGlobalSection
	GlobalSection(SolutionConfigurationPlatforms) = preSolution
		Debug|Any CPU = Debug|Any CPU
		Debug|Mixed Platforms = Debug|Mixed Platforms
		Debug|Windows Phone = Debug|Windows Phone
		Debug|x86 = Debug|x86
		Debug|Xbox 360 = Debug|Xbox 360
		Profile|Any CPU = Profile|Any CPU
		Profile|Mixed Platforms = Profile|Mixed Platforms
		Profile|Windows Phone = Profile|Windows Phone
		Profile|x86 = Profile|x86
		Profile|Xbox 360 = Profile|Xbox 360
		Release|Any CPU = Release|Any CPU
		Release|Mixed Platforms = Release|Mixed Platforms
		Release|Windows Phone = Release|Windows Phone
		Release|x86 = Release|x86
		Release|Xbox 360 = Release|Xbox 360
	EndGlobalSection
	GlobalSection(ProjectConfigurationPlatforms) = postSolution
		{FDB5A9D8-9266-4F7B-BDE7-D4E720F5B45F}.Debug|Any CPU.ActiveCfg = Debug|x86
		{FDB5A9D8-9266-4F7B-BDE7-D4E720F5B45F}.Debug|Mixed Platforms.ActiveCfg = Debug|x86
		{FDB5A9D8-9266-4F7B-BDE7-D4E720F5B45F}.Debug|Mixed Platforms.Build.0 = Debug|x86
		{FDB5A9D8-9266-4F7B-BDE7-D4E720F5B45F}.Debug|Windows Phone.ActiveCfg = Debug|x86
		{FDB5A9D8-9266-4F7B-BDE7-D4E720F5B45F}.Debug|Windows Phone.Build.0 = Debug|x86
		{FDB5A9D8-9266-4F7B-BDE7-D4E720F5B45F}.Debug|x86.ActiveCfg = Debug|x86
		{FDB5A9D8-9266-4F7B-BDE7-D4E720F5B45F}.Debug|x86.Build.0 = Debug|x86
		{FDB5A9D8-9266-4F7B-BDE7-D4E720F5B45F}.Debug|Xbox 360.ActiveCfg = Debug|x86
		{FDB5A9D8-9266-4F7B-BDE7-D4E720F5B45F}.Debug|Xbox 360.Build.0 = Debug|x86
		{FDB5A9D8-9266-4F7B-BDE7-D4E720F5B45F}.Profile|Any CPU.ActiveCfg = Profile|x86
		{FDB5A9D8-9266-4F7B-BDE7-D4E720F5B45F}.Profile|Mixed Platforms.ActiveCfg = Profile|x86
		{FDB5A9D8-9266-4F7B-BDE7-D4E720F5B45F}.Profile|Mixed Platforms.Build.0 = Profile|x86
		{FDB5A9D8-9266-4F7B-BDE7-D4E720F5B45F}.Profile|Windows Phone.ActiveCfg = Profile|x86
		{FDB5A9D8-9266-4F7B-BDE7-D4E720F5B45F}.Profile|x86.ActiveCfg = Profile|x86
		{FDB5A9D8-9266-4F7B-BDE7-D4E720F5B45F}.Profile|x86.Build.0 = Profile|x86
		{FDB5A9D8-9266-4F7B-BDE7-D4E720F5B45F}.Profile|Xbox 360.ActiveCfg = Profile|x86
		{FDB5A9D8-9266-4F7B-BDE7-D4E720F5B45F}.Release|Any CPU.ActiveCfg = Release|x86
		{FDB5A9D8-9266-4F7B-BDE7-D4E720F5B45F}.Release|Mixed Platforms.ActiveCfg = Release|x86
		{FDB5A9D8-9266-4F7B-BDE7-D4E720F5B45F}.Release|Mixed Platforms.Build.0 = Release|x86
		{FDB5A9D8-9266-4F7B-BDE7-D4E720F5B45F}.Release|Windows Phone.ActiveCfg = Release|x86
		{FDB5A9D8-9266-4F7B-BDE7-D4E720F5B45F}.Release|Windows Phone.Build.0 = Release|x86
		{FDB5A9D8-9266-4F7B-BDE7-D4E720F5B45F}.Release|x86.ActiveCfg = Release|x86
		{FDB5A9D8-9266-4F7B-BDE7-D4E720F5B45F}.Release|x86.Build.0 = Release|x86
		{FDB5A9D8-9266-4F7B-BDE7-D4E720F5B45F}.Release|Xbox 360.ActiveCfg = Release|x86
		{FDB5A9D8-9266-4F7B-BDE7-D4E720F5B45F}.Release|Xbox 360.Build.0 = Release|x86
		{630AEBBC-AF42-4700-A24F-F4B6FF8172F1}.Debug|Any CPU.ActiveCfg = Debug|x86
		{630AEBBC-AF42-4700-A24F-F4B6FF8172F1}.Debug|Mixed Platforms.ActiveCfg = Debug|x86
		{630AEBBC-AF42-4700-A24F-F4B6FF8172F1}.Debug|Mixed Platforms.Build.0 = Debug|x86
		{630AEBBC-AF42-4700-A24F-F4B6FF8172F1}.Debug|Windows Phone.ActiveCfg = Debug|x86
		{630AEBBC-AF42-4700-A24F-F4B6FF8172F1}.Debug|Windows Phone.Build.0 = Debug|x86
		{630AEBBC-AF42-4700-A24F-F4B6FF8172F1}.Debug|x86.ActiveCfg = Debug|x86
		{630AEBBC-AF42-4700-A24F-F4B6FF8172F1}.Debug|x86.Build.0 = Debug|x86
		{630AEBBC-AF42-4700-A24F-F4B6FF8172F1}.Debug|Xbox 360.ActiveCfg = Debug|x86
		{630AEBBC-AF42-4700-A24F-F4B6FF8172F1}.Debug|Xbox 360.Build.0 = Debug|x86
		{630AEBBC-AF42-4700-A24F-F4B6FF8172F1}.Profile|Any CPU.ActiveCfg = Profile|x86
		{630AEBBC-AF42-4700-A24F-F4B6FF8172F1}.Profile|Mixed Platforms.ActiveCfg = Profile|x86
		{630AEBBC-AF42-4700-A24F-F4B6FF8172F1}.Profile|Mixed Platforms.Build.0 = Profile|x86
		{630AEBBC-AF42-4700-A24F-F4B6FF8172F1}.Profile|Windows Phone.ActiveCfg = Profile|x86
		{630AEBBC-AF42-4700-A24F-F4B6FF8172F1}.Profile|x86.ActiveCfg = Profile|x86
		{630AEBBC-AF42-4700-A24F-F4B6FF8172F1}.Profile|x86.Build.0 = Profile|x86
		{630AEBBC-AF42-4700-A24F-F4B6FF8172F1}.Profile|Xbox 360.ActiveCfg = Profile|x86
		{630AEBBC-AF42-4700-A24F-F4B6FF8172F1}.Release|Any CPU.ActiveCfg = Release|x86
		{630AEBBC-AF42-4700-A24F-F4B6FF8172F1}.Release|Mixed Platforms.ActiveCfg = Release|x86
		{630AEBBC-AF42-4700-A24F-F4B6FF8172F1}.Release|Mixed Platforms.Build.0 = Release|x86
		{630AEBBC-AF42-4700-A24F-F4B6FF8172F1}.Release|Windows Phone.ActiveCfg = Release|x86
		{630AEBBC-AF42-4700-A24F-F4B6FF8172F1}.Release|Windows Phone.Build.0 = Release|x86
		{630AEBBC-AF42-4700-A24F-F4B6FF8172F1}.Release|x86.ActiveCfg = Release|x86
		{630AEBBC-AF42-4700-A24F-F4B6FF8172F1}.Release|x86.Build.0 = Release|x86
		{630AEBBC-AF42-4700-A24F-F4B6FF8172F1}.Release|Xbox 360.ActiveCfg = Release|x86
		{630AEBBC-AF42-4700-A24F-F4B6FF8172F1}.Release|Xbox 360.Build.0 = Release|x86
		{5CDABE8C-7C9C-4163-8C85-FEA731088239}.Debug|Any CPU.ActiveCfg = Debug|x86
		{5CDABE8C-7C9C-4163-8C85-FEA731088239}.Debug|Mixed Platforms.ActiveCfg = Debug|x86
		{5CDABE8C-7C9C-4163-8C85-FEA731088239}.Debug|Mixed Platforms.Build.0 = Debug|x86
		{5CDABE8C-7C9C-4163-8C85-FEA731088239}.Debug|Windows Phone.ActiveCfg = Debug|x86
		{5CDABE8C-7C9C-4163-8C85-FEA731088239}.Debug|Windows Phone.Build.0 = Debug|x86
		{5CDABE8C-7C9C-4163-8C85-FEA731088239}.Debug|x86.ActiveCfg = Debug|x86
		{5CDABE8C-7C9C-4163-8C85-FEA731088239}.Debug|x86.Build.0 = Debug|x86
		{5CDABE8C-7C9C-4163-8C85-FEA731088239}.Debug|Xbox 360.ActiveCfg = Debug|x86
		{5CDABE8C-7C9C-4163-8C85-FEA731088239}.Debug|Xbox 360.Build.0 = Debug|x86
		{5CDABE8C-7C9C-4163-8C85-FEA731088239}.Profile|Any CPU.ActiveCfg = Profile|x86
		{5CDABE8C-7C9C-4163-8C85-FEA731088239}.Profile|Mixed Platforms.ActiveCfg = Profile|x86
		{5CDABE8C-7C9C-4163-8C85-FEA731088239}.Profile|Mixed Platforms.Build.0 = Profile|x86
		{5CDABE8C-7C9C-4163-8C85-FEA731088239}.Profile|Windows Phone.ActiveCfg = Profile|x86
		{5CDABE8C-7C9C-4163-8C85-FEA731088239}.Profile|x86.ActiveCfg = Profile|x86
		{5CDABE8C-7C9C-4163-8C85-FEA731088239}.Profile|x86.Build.0 = Profile|x86
		{5CDABE8C-7C9C-4163-8C85-FEA731088239}.Profile|Xbox 360.ActiveCfg = Profile|x86
		{5CDABE8C-7C9C-4163-8C85-FEA731088239}.Release|Any CPU.ActiveCfg = Release|x86
		{5CDABE8C-7C9C-4163-8C85-FEA731088239}.Release|Mixed Platforms.ActiveCfg = Release|x86
		{5CDABE8C-7C9C-4163-8C85-FEA731088239}.Release|Mixed Platforms.Build.0 = Release|x86
		{5CDABE8C-7C9C-4163-8C85-FEA731088239}.Release|Windows Phone.ActiveCfg = Release|x86
		{5CDABE8C-7C9C-4163-8C85-FEA731088239}.Release|Windows Phone.Build.0 = Release|x86
		{5CDABE8C-7C9C-4163-8C85-FEA731088239}.Release|x86.ActiveCfg = Release|x86
		{5CDABE8C-7C9C-4163-8C85-FEA731088239}.Release|x86.Build.0 = Release|x86
		{5CDABE8C-7C9C-4163-8C85-FEA731088239}.Release|Xbox 360.ActiveCfg = Release|x86
		{5CDABE8C-7C9C-4163-8C85-FEA731088239}.Release|Xbox 360.Build.0 = Release|x86
		{ADFDCC4A-8805-4BCA-9FBA-FB04920AFA33}.Debug|Any CPU.ActiveCfg = Debug|x86
		{ADFDCC4A-8805-4BCA-9FBA-FB04920AFA33}.Debug|Mixed Platforms.ActiveCfg = Debug|x86
		{ADFDCC4A-8805-4BCA-9FBA-FB04920AFA33}.Debug|Mixed Platforms.Build.0 = Debug|x86
		{ADFDCC4A-8805-4BCA-9FBA-FB04920AFA33}.Debug|Windows Phone.ActiveCfg = Debug|x86
		{ADFDCC4A-8805-4BCA-9FBA-FB04920AFA33}.Debug|Windows Phone.Build.0 = Debug|x86
		{ADFDCC4A-8805-4BCA-9FBA-FB04920AFA33}.Debug|x86.ActiveCfg = Debug|x86
		{ADFDCC4A-8805-4BCA-9FBA-FB04920AFA33}.Debug|x86.Build.0 = Debug|x86
		{ADFDCC4A-8805-4BCA-9FBA-FB04920AFA33}.Debug|Xbox 360.ActiveCfg = Debug|x86
		{ADFDCC4A-8805-4BCA-9FBA-FB04920AFA33}.Debug|Xbox 360.Build.0 = Debug|x86
		{ADFDCC4A-8805-4BCA-9FBA-FB04920AFA33}.Profile|Any CPU.ActiveCfg = Profile|x86
		{ADFDCC4A-8805-4BCA-9FBA-FB04920AFA33}.Profile|Mixed Platforms.ActiveCfg = Profile|x86
		{ADFDCC4A-8805-4BCA-9FBA-FB04920AFA33}.Profile|Mixed Platforms.Build.0 = Profile|x86
		{ADFDCC4A-8805-4BCA-9FBA-FB04920AFA33}.Profile|Windows Phone.ActiveCfg = Profile|x86
		{ADFDCC4A-8805-4BCA-9FBA-FB04920AFA33}.Profile|x86.ActiveCfg = Profile|x86
		{ADFDCC4A-8805-4BCA-9FBA-FB04920AFA33}.Profile|x86.Build.0 = Profile|x86
		{ADFDCC4A-8805-4BCA-9FBA-FB04920AFA33}.Profile|Xbox 360.ActiveCfg = Profile|x86
		{ADFDCC4A-8805-4BCA-9FBA-FB04920AFA33}.Release|Any CPU.ActiveCfg = Release|x86
		{ADFDCC4A-8805-4BCA-9FBA-FB04920AFA33}.Release|Mixed Platforms.ActiveCfg = Release|x86
		{ADFDCC4A-8805-4BCA-9FBA-FB04920AFA33}.Release|Mixed Platforms.Build.0 = Release|x86
		{ADFDCC4A-8805-4BCA-9FBA-FB04920AFA33}.Release|Windows Phone.ActiveCfg = Release|x86
		{ADFDCC4A-8805-4BCA-9FBA-FB04920AFA33}.Release|Windows Phone.Build.0 = Release|x86
		{ADFDCC4A-8805-4BCA-9FBA-FB04920AFA33}.Release|x86.ActiveCfg = Release|x86
		{ADFDCC4A-8805-4BCA-9FBA-FB04920AFA33}.Release|x86.Build.0 = Release|x86
		{ADFDCC4A-8805-4BCA-9FBA-FB04920AFA33}.Release|Xbox 360.ActiveCfg = Release|x86
		{ADFDCC4A-8805-4BCA-9FBA-FB04920AFA33}.Release|Xbox 360.Build.0 = Release|x86
		{F987DEC5-E12F-4566-A200-DE18D6044E21}.Debug|Any CPU.ActiveCfg = Debug|x86
		{F987DEC5-E12F-4566-A200-DE18D6044E21}.Debug|Mixed Platforms.ActiveCfg = Debug|x86
		{F987DEC5-E12F-4566-A200-DE18D6044E21}.Debug|Mixed Platforms.Build.0 = Debug|x86
		{F987DEC5-E12F-4566-A200-DE18D6044E21}.Debug|Windows Phone.ActiveCfg = Debug|x86
		{F987DEC5-E12F-4566-A200-DE18D6044E21}.Debug|Windows Phone.Build.0 = Debug|x86
		{F987DEC5-E12F-4566-A200-DE18D6044E21}.Debug|x86.ActiveCfg = Debug|x86
		{F987DEC5-E12F-4566-A200-DE18D6044E21}.Debug|x86.Build.0 = Debug|x86
		{F987DEC5-E12F-4566-A200-DE18D6044E21}.Debug|Xbox 360.ActiveCfg = Debug|x86
		{F987DEC5-E12F-4566-A200-DE18D6044E21}.Debug|Xbox 360.Build.0 = Debug|x86
		{F987DEC5-E12F-4566-A200-DE18D6044E21}.Profile|Any CPU.ActiveCfg = Profile|x86
		{F987DEC5-E12F-4566-A200-DE18D6044E21}.Profile|Mixed Platforms.ActiveCfg = Profile|x86
		{F987DEC5-E12F-4566-A200-DE18D6044E21}.Profile|Mixed Platforms.Build.0 = Profile|x86
		{F987DEC5-E12F-4566-A200-DE18D6044E21}.Profile|Windows Phone.ActiveCfg = Profile|x86
		{F987DEC5-E12F-4566-A200-DE18D6044E21}.Profile|x86.ActiveCfg = Profile|x86
		{F987DEC5-E12F-4566-A200-DE18D6044E21}.Profile|x86.Build.0 = Profile|x86
		{F987DEC5-E12F-4566-A200-DE18D6044E21}.Profile|Xbox 360.ActiveCfg = Profile|x86
		{F987DEC5-E12F-4566-A200-DE18D6044E21}.Release|Any CPU.ActiveCfg = Release|x86
		{F987DEC5-E12F-4566-A200-DE18D6044E21}.Release|Mixed Platforms.ActiveCfg = Release|x86
		{F987DEC5-E12F-4566-A200-DE18D6044E21}.Release|Mixed Platforms.Build.0 = Release|x86
		{F987DEC5-E12F-4566-A200-DE18D6044E21}.Release|Windows Phone.ActiveCfg = Release|x86
		{F987DEC5-E12F-4566-A200-DE18D6044E21}.Release|Windows Phone.Build.0 = Release|x86
		{F987DEC5-E12F-4566-A200-DE18D6044E21}.Release|x86.ActiveCfg = Release|x86
		{F987DEC5-E12F-4566-A200-DE18D6044E21}.Release|x86.Build.0 = Release|x86
		{F987DEC5-E12F-4566-A200-DE18D6044E21}.Release|Xbox 360.ActiveCfg = Release|x86
		{F987DEC5-E12F-4566-A200-DE18D6044E21}.Release|Xbox 360.Build.0 = Release|x86
		{A753A526-F119-4913-AA45-252706E9C84B}.Debug|Any CPU.ActiveCfg = Debug|x86
		{A753A526-F119-4913-AA45-252706E9C84B}.Debug|Mixed Platforms.ActiveCfg = Debug|x86
		{A753A526-F119-4913-AA45-252706E9C84B}.Debug|Mixed Platforms.Build.0 = Debug|x86
		{A753A526-F119-4913-AA45-252706E9C84B}.Debug|Windows Phone.ActiveCfg = Debug|x86
		{A753A526-F119-4913-AA45-252706E9C84B}.Debug|Windows Phone.Build.0 = Debug|x86
		{A753A526-F119-4913-AA45-252706E9C84B}.Debug|x86.ActiveCfg = Debug|x86
		{A753A526-F119-4913-AA45-252706E9C84B}.Debug|x86.Build.0 = Debug|x86
		{A753A526-F119-4913-AA45-252706E9C84B}.Debug|Xbox 360.ActiveCfg = Debug|x86
		{A753A526-F119-4913-AA45-252706E9C84B}.Debug|Xbox 360.Build.0 = Debug|x86
		{A753A526-F119-4913-AA45-252706E9C84B}.Profile|Any CPU.ActiveCfg = Profile|x86
		{A753A526-F119-4913-AA45-252706E9C84B}.Profile|Mixed Platforms.ActiveCfg = Profile|x86
		{A753A526-F119-4913-AA45-252706E9C84B}.Profile|Mixed Platforms.Build.0 = Profile|x86
		{A753A526-F119-4913-AA45-252706E9C84B}.Profile|Windows Phone.ActiveCfg = Profile|x86
		{A753A526-F119-4913-AA45-252706E9C84B}.Profile|x86.ActiveCfg = Profile|x86
		{A753A526-F119-4913-AA45-252706E9C84B}.Profile|x86.Build.0 = Profile|x86
		{A753A526-F119-4913-AA45-252706E9C84B}.Profile|Xbox 360.ActiveCfg = Profile|x86
		{A753A526-F119-4913-AA45-252706E9C84B}.Release|Any CPU.ActiveCfg = Release|x86
		{A753A526-F119-4913-AA45-252706E9C84B}.Release|Mixed Platforms.ActiveCfg = Release|x86
		{A753A526-F119-4913-AA45-252706E9C84B}.Release|Mixed Platforms.Build.0 = Release|x86
		{A753A526-F119-4913-AA45-252706E9C84B}.Release|Windows Phone.ActiveCfg = Release|x86
		{A753A526-F119-4913-AA45-252706E9C84B}.Release|Windows Phone.Build.0 = Release|x86
		{A753A526-F119-4913-AA45-252706E9C84B}.Release|x86.ActiveCfg = Release|x86
		{A753A526-F119-4913-AA45-252706E9C84B}.Release|x86.Build.0 = Release|x86
		{A753A526-F119-4913-AA45-252706E9C84B}.Release|Xbox 360.ActiveCfg = Release|x86
		{A753A526-F119-4913-AA45-252706E9C84B}.Release|Xbox 360.Build.0 = Release|x86
		{DF7B71E5-B8C9-4919-A15D-F1187556A909}.Debug|Any CPU.ActiveCfg = Debug|x86
		{DF7B71E5-B8C9-4919-A15D-F1187556A909}.Debug|Mixed Platforms.ActiveCfg = Debug|x86
		{DF7B71E5-B8C9-4919-A15D-F1187556A909}.Debug|Mixed Platforms.Build.0 = Debug|x86
		{DF7B71E5-B8C9-4919-A15D-F1187556A909}.Debug|Windows Phone.ActiveCfg = Debug|x86
		{DF7B71E5-B8C9-4919-A15D-F1187556A909}.Debug|Windows Phone.Build.0 = Debug|x86
		{DF7B71E5-B8C9-4919-A15D-F1187556A909}.Debug|x86.ActiveCfg = Debug|x86
		{DF7B71E5-B8C9-4919-A15D-F1187556A909}.Debug|x86.Build.0 = Debug|x86
		{DF7B71E5-B8C9-4919-A15D-F1187556A909}.Debug|Xbox 360.ActiveCfg = Debug|x86
		{DF7B71E5-B8C9-4919-A15D-F1187556A909}.Debug|Xbox 360.Build.0 = Debug|x86
		{DF7B71E5-B8C9-4919-A15D-F1187556A909}.Profile|Any CPU.ActiveCfg = Profile|x86
		{DF7B71E5-B8C9-4919-A15D-F1187556A909}.Profile|Mixed Platforms.ActiveCfg = Profile|x86
		{DF7B71E5-B8C9-4919-A15D-F1187556A909}.Profile|Mixed Platforms.Build.0 = Profile|x86
		{DF7B71E5-B8C9-4919-A15D-F1187556A909}.Profile|Windows Phone.ActiveCfg = Profile|x86
		{DF7B71E5-B8C9-4919-A15D-F1187556A909}.Profile|x86.ActiveCfg = Profile|x86
		{DF7B71E5-B8C9-4919-A15D-F1187556A909}.Profile|x86.Build.0 = Profile|x86
		{DF7B71E5-B8C9-4919-A15D-F1187556A909}.Profile|Xbox 360.ActiveCfg = Profile|x86
		{DF7B71E5-B8C9-4919-A15D-F1187556A909}.Release|Any CPU.ActiveCfg = Release|x86
		{DF7B71E5-B8C9-4919-A15D-F1187556A909}.Release|Mixed Platforms.ActiveCfg = Release|x86
		{DF7B71E5-B8C9-4919-A15D-F1187556A909}.Release|Mixed Platforms.Build.0 = Release|x86
		{DF7B71E5-B8C9-4919-A15D-F1187556A909}.Release|Windows Phone.ActiveCfg = Release|x86
		{DF7B71E5-B8C9-4919-A15D-F1187556A909}.Release|Windows Phone.Build.0 = Release|x86
		{DF7B71E5-B8C9-4919-A15D-F1187556A909}.Release|x86.ActiveCfg = Release|x86
		{DF7B71E5-B8C9-4919-A15D-F1187556A909}.Release|x86.Build.0 = Release|x86
		{DF7B71E5-B8C9-4919-A15D-F1187556A909}.Release|Xbox 360.ActiveCfg = Release|x86
		{DF7B71E5-B8C9-4919-A15D-F1187556A909}.Release|Xbox 360.Build.0 = Release|x86
		{64AB93AB-0058-4EB2-82DF-F5D219B684C1}.Debug|Any CPU.ActiveCfg = Debug|Windows Phone
		{64AB93AB-0058-4EB2-82DF-F5D219B684C1}.Debug|Mixed Platforms.ActiveCfg = Debug|Windows Phone
		{64AB93AB-0058-4EB2-82DF-F5D219B684C1}.Debug|Mixed Platforms.Build.0 = Debug|Windows Phone
		{64AB93AB-0058-4EB2-82DF-F5D219B684C1}.Debug|Windows Phone.ActiveCfg = Debug|Windows Phone
		{64AB93AB-0058-4EB2-82DF-F5D219B684C1}.Debug|Windows Phone.Build.0 = Debug|Windows Phone
		{64AB93AB-0058-4EB2-82DF-F5D219B684C1}.Debug|x86.ActiveCfg = Debug|Windows Phone
		{64AB93AB-0058-4EB2-82DF-F5D219B684C1}.Debug|Xbox 360.ActiveCfg = Debug|Windows Phone
		{64AB93AB-0058-4EB2-82DF-F5D219B684C1}.Debug|Xbox 360.Build.0 = Debug|Windows Phone
		{64AB93AB-0058-4EB2-82DF-F5D219B684C1}.Profile|Any CPU.ActiveCfg = Profile|Windows Phone
		{64AB93AB-0058-4EB2-82DF-F5D219B684C1}.Profile|Mixed Platforms.ActiveCfg = Profile|Windows Phone
		{64AB93AB-0058-4EB2-82DF-F5D219B684C1}.Profile|Mixed Platforms.Build.0 = Profile|Windows Phone
		{64AB93AB-0058-4EB2-82DF-F5D219B684C1}.Profile|Windows Phone.ActiveCfg = Profile|Windows Phone
		{64AB93AB-0058-4EB2-82DF-F5D219B684C1}.Profile|Windows Phone.Build.0 = Profile|Windows Phone
		{64AB93AB-0058-4EB2-82DF-F5D219B684C1}.Profile|x86.ActiveCfg = Profile|Windows Phone
		{64AB93AB-0058-4EB2-82DF-F5D219B684C1}.Profile|Xbox 360.ActiveCfg = Profile|Windows Phone
		{64AB93AB-0058-4EB2-82DF-F5D219B684C1}.Release|Any CPU.ActiveCfg = Release|Windows Phone
		{64AB93AB-0058-4EB2-82DF-F5D219B684C1}.Release|Mixed Platforms.ActiveCfg = Release|Windows Phone
		{64AB93AB-0058-4EB2-82DF-F5D219B684C1}.Release|Mixed Platforms.Build.0 = Release|Windows Phone
		{64AB93AB-0058-4EB2-82DF-F5D219B684C1}.Release|Windows Phone.ActiveCfg = Release|Windows Phone
		{64AB93AB-0058-4EB2-82DF-F5D219B684C1}.Release|Windows Phone.Build.0 = Release|Windows Phone
		{64AB93AB-0058-4EB2-82DF-F5D219B684C1}.Release|x86.ActiveCfg = Release|Windows Phone
		{64AB93AB-0058-4EB2-82DF-F5D219B684C1}.Release|Xbox 360.ActiveCfg = Release|Windows Phone
		{64AB93AB-0058-4EB2-82DF-F5D219B684C1}.Release|Xbox 360.Build.0 = Release|Windows Phone
		{C9FCCA1A-B54D-4E1B-8F21-1E408F9D6883}.Debug|Any CPU.ActiveCfg = Debug|Windows Phone
		{C9FCCA1A-B54D-4E1B-8F21-1E408F9D6883}.Debug|Mixed Platforms.ActiveCfg = Debug|Windows Phone
		{C9FCCA1A-B54D-4E1B-8F21-1E408F9D6883}.Debug|Mixed Platforms.Build.0 = Debug|Windows Phone
		{C9FCCA1A-B54D-4E1B-8F21-1E408F9D6883}.Debug|Windows Phone.ActiveCfg = Debug|Windows Phone
		{C9FCCA1A-B54D-4E1B-8F21-1E408F9D6883}.Debug|Windows Phone.Build.0 = Debug|Windows Phone
		{C9FCCA1A-B54D-4E1B-8F21-1E408F9D6883}.Debug|x86.ActiveCfg = Debug|Windows Phone
		{C9FCCA1A-B54D-4E1B-8F21-1E408F9D6883}.Debug|Xbox 360.ActiveCfg = Debug|Windows Phone
		{C9FCCA1A-B54D-4E1B-8F21-1E408F9D6883}.Debug|Xbox 360.Build.0 = Debug|Windows Phone
		{C9FCCA1A-B54D-4E1B-8F21-1E408F9D6883}.Profile|Any CPU.ActiveCfg = Profile|Windows Phone
		{C9FCCA1A-B54D-4E1B-8F21-1E408F9D6883}.Profile|Mixed Platforms.ActiveCfg = Profile|Windows Phone
		{C9FCCA1A-B54D-4E1B-8F21-1E408F9D6883}.Profile|Mixed Platforms.Build.0 = Profile|Windows Phone
		{C9FCCA1A-B54D-4E1B-8F21-1E408F9D6883}.Profile|Windows Phone.ActiveCfg = Profile|Windows Phone
		{C9FCCA1A-B54D-4E1B-8F21-1E408F9D6883}.Profile|Windows Phone.Build.0 = Profile|Windows Phone
		{C9FCCA1A-B54D-4E1B-8F21-1E408F9D6883}.Profile|x86.ActiveCfg = Profile|Windows Phone
		{C9FCCA1A-B54D-4E1B-8F21-1E408F9D6883}.Profile|Xbox 360.ActiveCfg = Profile|Windows Phone
		{C9FCCA1A-B54D-4E1B-8F21-1E408F9D6883}.Release|Any CPU.ActiveCfg = Release|Windows Phone
		{C9FCCA1A-B54D-4E1B-8F21-1E408F9D6883}.Release|Mixed Platforms.ActiveCfg = Release|Windows Phone
		{C9FCCA1A-B54D-4E1B-8F21-1E408F9D6883}.Release|Mixed Platforms.Build.0 = Release|Windows Phone
		{C9FCCA1A-B54D-4E1B-8F21-1E408F9D6883}.Release|Windows Phone.ActiveCfg = Release|Windows Phone
		{C9FCCA1A-B54D-4E1B-8F21-1E408F9D6883}.Release|Windows Phone.Build.0 = Release|Windows Phone
		{C9FCCA1A-B54D-4E1B-8F21-1E408F9D6883}.Release|x86.ActiveCfg = Release|Windows Phone
		{C9FCCA1A-B54D-4E1B-8F21-1E408F9D6883}.Release|Xbox 360.ActiveCfg = Release|Windows Phone
		{C9FCCA1A-B54D-4E1B-8F21-1E408F9D6883}.Release|Xbox 360.Build.0 = Release|Windows Phone
		{94DFEAB5-69AC-4FDF-B998-1FB883161B71}.Debug|Any CPU.ActiveCfg = Debug|Windows Phone
		{94DFEAB5-69AC-4FDF-B998-1FB883161B71}.Debug|Mixed Platforms.ActiveCfg = Debug|Windows Phone
		{94DFEAB5-69AC-4FDF-B998-1FB883161B71}.Debug|Mixed Platforms.Build.0 = Debug|Windows Phone
		{94DFEAB5-69AC-4FDF-B998-1FB883161B71}.Debug|Windows Phone.ActiveCfg = Debug|Windows Phone
		{94DFEAB5-69AC-4FDF-B998-1FB883161B71}.Debug|Windows Phone.Build.0 = Debug|Windows Phone
		{94DFEAB5-69AC-4FDF-B998-1FB883161B71}.Debug|x86.ActiveCfg = Debug|Windows Phone
		{94DFEAB5-69AC-4FDF-B998-1FB883161B71}.Debug|Xbox 360.ActiveCfg = Debug|Windows Phone
		{94DFEAB5-69AC-4FDF-B998-1FB883161B71}.Debug|Xbox 360.Build.0 = Debug|Windows Phone
		{94DFEAB5-69AC-4FDF-B998-1FB883161B71}.Profile|Any CPU.ActiveCfg = Profile|Windows Phone
		{94DFEAB5-69AC-4FDF-B998-1FB883161B71}.Profile|Mixed Platforms.ActiveCfg = Profile|Windows Phone
		{94DFEAB5-69AC-4FDF-B998-1FB883161B71}.Profile|Mixed Platforms.Build.0 = Profile|Windows Phone
		{94DFEAB5-69AC-4FDF-B998-1FB883161B71}.Profile|Windows Phone.ActiveCfg = Profile|Windows Phone
		{94DFEAB5-69AC-4FDF-B998-1FB883161B71}.Profile|Windows Phone.Build.0 = Profile|Windows Phone
		{94DFEAB5-69AC-4FDF-B998-1FB883161B71}.Profile|x86.ActiveCfg = Profile|Windows Phone
		{94DFEAB5-69AC-4FDF-B998-1FB883161B71}.Profile|Xbox 360.ActiveCfg = Profile|Windows Phone
		{94DFEAB5-69AC-4FDF-B998-1FB883161B71}.Release|Any CPU.ActiveCfg = Release|Windows Phone
		{94DFEAB5-69AC-4FDF-B998-1FB883161B71}.Release|Mixed Platforms.ActiveCfg = Release|Windows Phone
		{94DFEAB5-69AC-4FDF-B998-1FB883161B71}.Release|Mixed Platforms.Build.0 = Release|Windows Phone
		{94DFEAB5-69AC-4FDF-B998-1FB883161B71}.Release|Windows Phone.ActiveCfg = Release|Windows Phone
		{94DFEAB5-69AC-4FDF-B998-1FB883161B71}.Release|Windows Phone.Build.0 = Release|Windows Phone
		{94DFEAB5-69AC-4FDF-B998-1FB883161B71}.Release|x86.ActiveCfg = Release|Windows Phone
		{94DFEAB5-69AC-4FDF-B998-1FB883161B71}.Release|Xbox 360.ActiveCfg = Release|Windows Phone
		{94DFEAB5-69AC-4FDF-B998-1FB883161B71}.Release|Xbox 360.Build.0 = Release|Windows Phone
		{DAA16A56-9FCB-4D8C-81FB-65C755F6953C}.Debug|Any CPU.ActiveCfg = Debug|Windows Phone
		{DAA16A56-9FCB-4D8C-81FB-65C755F6953C}.Debug|Mixed Platforms.ActiveCfg = Debug|Windows Phone
		{DAA16A56-9FCB-4D8C-81FB-65C755F6953C}.Debug|Mixed Platforms.Build.0 = Debug|Windows Phone
		{DAA16A56-9FCB-4D8C-81FB-65C755F6953C}.Debug|Windows Phone.ActiveCfg = Debug|Windows Phone
		{DAA16A56-9FCB-4D8C-81FB-65C755F6953C}.Debug|Windows Phone.Build.0 = Debug|Windows Phone
		{DAA16A56-9FCB-4D8C-81FB-65C755F6953C}.Debug|x86.ActiveCfg = Debug|Windows Phone
		{DAA16A56-9FCB-4D8C-81FB-65C755F6953C}.Debug|Xbox 360.ActiveCfg = Debug|Windows Phone
		{DAA16A56-9FCB-4D8C-81FB-65C755F6953C}.Debug|Xbox 360.Build.0 = Debug|Windows Phone
		{DAA16A56-9FCB-4D8C-81FB-65C755F6953C}.Profile|Any CPU.ActiveCfg = Profile|Windows Phone
		{DAA16A56-9FCB-4D8C-81FB-65C755F6953C}.Profile|Mixed Platforms.ActiveCfg = Profile|Windows Phone
		{DAA16A56-9FCB-4D8C-81FB-65C755F6953C}.Profile|Mixed Platforms.Build.0 = Profile|Windows Phone
		{DAA16A56-9FCB-4D8C-81FB-65C755F6953C}.Profile|Windows Phone.ActiveCfg = Profile|Windows Phone
		{DAA16A56-9FCB-4D8C-81FB-65C755F6953C}.Profile|Windows Phone.Build.0 = Profile|Windows Phone
		{DAA16A56-9FCB-4D8C-81FB-65C755F6953C}.Profile|x86.ActiveCfg = Profile|Windows Phone
		{DAA16A56-9FCB-4D8C-81FB-65C755F6953C}.Profile|Xbox 360.ActiveCfg = Profile|Windows Phone
		{DAA16A56-9FCB-4D8C-81FB-65C755F6953C}.Release|Any CPU.ActiveCfg = Release|Windows Phone
		{DAA16A56-9FCB-4D8C-81FB-65C755F6953C}.Release|Mixed Platforms.ActiveCfg = Release|Windows Phone
		{DAA16A56-9FCB-4D8C-81FB-65C755F6953C}.Release|Mixed Platforms.Build.0 = Release|Windows Phone
		{DAA16A56-9FCB-4D8C-81FB-65C755F6953C}.Release|Windows Phone.ActiveCfg = Release|Windows Phone
		{DAA16A56-9FCB-4D8C-81FB-65C755F6953C}.Release|Windows Phone.Build.0 = Release|Windows Phone
		{DAA16A56-9FCB-4D8C-81FB-65C755F6953C}.Release|x86.ActiveCfg = Release|Windows Phone
		{DAA16A56-9FCB-4D8C-81FB-65C755F6953C}.Release|Xbox 360.ActiveCfg = Release|Windows Phone
		{DAA16A56-9FCB-4D8C-81FB-65C755F6953C}.Release|Xbox 360.Build.0 = Release|Windows Phone
		{8B332F69-0F1B-4F66-ADD3-39F87D55A551}.Debug|Any CPU.ActiveCfg = Debug|Windows Phone
		{8B332F69-0F1B-4F66-ADD3-39F87D55A551}.Debug|Mixed Platforms.ActiveCfg = Debug|Windows Phone
		{8B332F69-0F1B-4F66-ADD3-39F87D55A551}.Debug|Mixed Platforms.Build.0 = Debug|Windows Phone
		{8B332F69-0F1B-4F66-ADD3-39F87D55A551}.Debug|Windows Phone.ActiveCfg = Debug|Windows Phone
		{8B332F69-0F1B-4F66-ADD3-39F87D55A551}.Debug|Windows Phone.Build.0 = Debug|Windows Phone
		{8B332F69-0F1B-4F66-ADD3-39F87D55A551}.Debug|x86.ActiveCfg = Debug|Windows Phone
		{8B332F69-0F1B-4F66-ADD3-39F87D55A551}.Debug|Xbox 360.ActiveCfg = Debug|Windows Phone
		{8B332F69-0F1B-4F66-ADD3-39F87D55A551}.Debug|Xbox 360.Build.0 = Debug|Windows Phone
		{8B332F69-0F1B-4F66-ADD3-39F87D55A551}.Profile|Any CPU.ActiveCfg = Profile|Windows Phone
		{8B332F69-0F1B-4F66-ADD3-39F87D55A551}.Profile|Mixed Platforms.ActiveCfg = Profile|Windows Phone
		{8B332F69-0F1B-4F66-ADD3-39F87D55A551}.Profile|Mixed Platforms.Build.0 = Profile|Windows Phone
		{8B332F69-0F1B-4F66-ADD3-39F87D55A551}.Profile|Windows Phone.ActiveCfg = Profile|Windows Phone
		{8B332F69-0F1B-4F66-ADD3-39F87D55A551}.Profile|Windows Phone.Build.0 = Profile|Windows Phone
		{8B332F69-0F1B-4F66-ADD3-39F87D55A551}.Profile|x86.ActiveCfg = Profile|Windows Phone
		{8B332F69-0F1B-4F66-ADD3-39F87D55A551}.Profile|Xbox 360.ActiveCfg = Profile|Windows Phone
		{8B332F69-0F1B-4F66-ADD3-39F87D55A551}.Release|Any CPU.ActiveCfg = Release|Windows Phone
		{8B332F69-0F1B-4F66-ADD3-39F87D55A551}.Release|Mixed Platforms.ActiveCfg = Release|Windows Phone
		{8B332F69-0F1B-4F66-ADD3-39F87D55A551}.Release|Mixed Platforms.Build.0 = Release|Windows Phone
		{8B332F69-0F1B-4F66-ADD3-39F87D55A551}.Release|Windows Phone.ActiveCfg = Release|Windows Phone
		{8B332F69-0F1B-4F66-ADD3-39F87D55A551}.Release|Windows Phone.Build.0 = Release|Windows Phone
		{8B332F69-0F1B-4F66-ADD3-39F87D55A551}.Release|x86.ActiveCfg = Release|Windows Phone
		{8B332F69-0F1B-4F66-ADD3-39F87D55A551}.Release|Xbox 360.ActiveCfg = Release|Windows Phone
		{8B332F69-0F1B-4F66-ADD3-39F87D55A551}.Release|Xbox 360.Build.0 = Release|Windows Phone
		{9244AAF3-A858-4EEE-97D3-8D906E5E6875}.Debug|Any CPU.ActiveCfg = Debug|Windows Phone
		{9244AAF3-A858-4EEE-97D3-8D906E5E6875}.Debug|Mixed Platforms.ActiveCfg = Debug|Windows Phone
		{9244AAF3-A858-4EEE-97D3-8D906E5E6875}.Debug|Mixed Platforms.Build.0 = Debug|Windows Phone
		{9244AAF3-A858-4EEE-97D3-8D906E5E6875}.Debug|Windows Phone.ActiveCfg = Debug|Windows Phone
		{9244AAF3-A858-4EEE-97D3-8D906E5E6875}.Debug|Windows Phone.Build.0 = Debug|Windows Phone
		{9244AAF3-A858-4EEE-97D3-8D906E5E6875}.Debug|x86.ActiveCfg = Debug|Windows Phone
		{9244AAF3-A858-4EEE-97D3-8D906E5E6875}.Debug|Xbox 360.ActiveCfg = Debug|Windows Phone
		{9244AAF3-A858-4EEE-97D3-8D906E5E6875}.Debug|Xbox 360.Build.0 = Debug|Windows Phone
		{9244AAF3-A858-4EEE-97D3-8D906E5E6875}.Profile|Any CPU.ActiveCfg = Profile|Windows Phone
		{9244AAF3-A858-4EEE-97D3-8D906E5E6875}.Profile|Mixed Platforms.ActiveCfg = Profile|Windows Phone
		{9244AAF3-A858-4EEE-97D3-8D906E5E6875}.Profile|Mixed Platforms.Build.0 = Profile|Windows Phone
		{9244AAF3-A858-4EEE-97D3-8D906E5E6875}.Profile|Windows Phone.ActiveCfg = Profile|Windows Phone
		{9244AAF3-A858-4EEE-97D3-8D906E5E6875}.Profile|Windows Phone.Build.0 = Profile|Windows Phone
		{9244AAF3-A858-4EEE-97D3-8D906E5E6875}.Profile|x86.ActiveCfg = Profile|Windows Phone
		{9244AAF3-A858-4EEE-97D3-8D906E5E6875}.Profile|Xbox 360.ActiveCfg = Profile|Windows Phone
		{9244AAF3-A858-4EEE-97D3-8D906E5E6875}.Release|Any CPU.ActiveCfg = Release|Windows Phone
		{9244AAF3-A858-4EEE-97D3-8D906E5E6875}.Release|Mixed Platforms.ActiveCfg = Release|Windows Phone
		{9244AAF3-A858-4EEE-97D3-8D906E5E6875}.Release|Mixed Platforms.Build.0 = Release|Windows Phone
		{9244AAF3-A858-4EEE-97D3-8D906E5E6875}.Release|Windows Phone.ActiveCfg = Release|Windows Phone
		{9244AAF3-A858-4EEE-97D3-8D906E5E6875}.Release|Windows Phone.Build.0 = Release|Windows Phone
		{9244AAF3-A858-4EEE-97D3-8D906E5E6875}.Release|x86.ActiveCfg = Release|Windows Phone
		{9244AAF3-A858-4EEE-97D3-8D906E5E6875}.Release|Xbox 360.ActiveCfg = Release|Windows Phone
		{9244AAF3-A858-4EEE-97D3-8D906E5E6875}.Release|Xbox 360.Build.0 = Release|Windows Phone
		{A8EEC51C-81A8-4863-BBA2-42E1F7A01203}.Debug|Any CPU.ActiveCfg = Debug|Windows Phone
		{A8EEC51C-81A8-4863-BBA2-42E1F7A01203}.Debug|Mixed Platforms.ActiveCfg = Debug|Windows Phone
		{A8EEC51C-81A8-4863-BBA2-42E1F7A01203}.Debug|Mixed Platforms.Build.0 = Debug|Windows Phone
		{A8EEC51C-81A8-4863-BBA2-42E1F7A01203}.Debug|Windows Phone.ActiveCfg = Debug|Windows Phone
		{A8EEC51C-81A8-4863-BBA2-42E1F7A01203}.Debug|Windows Phone.Build.0 = Debug|Windows Phone
		{A8EEC51C-81A8-4863-BBA2-42E1F7A01203}.Debug|x86.ActiveCfg = Debug|Windows Phone
		{A8EEC51C-81A8-4863-BBA2-42E1F7A01203}.Debug|Xbox 360.ActiveCfg = Debug|Windows Phone
		{A8EEC51C-81A8-4863-BBA2-42E1F7A01203}.Debug|Xbox 360.Build.0 = Debug|Windows Phone
		{A8EEC51C-81A8-4863-BBA2-42E1F7A01203}.Profile|Any CPU.ActiveCfg = Profile|Windows Phone
		{A8EEC51C-81A8-4863-BBA2-42E1F7A01203}.Profile|Mixed Platforms.ActiveCfg = Profile|Windows Phone
		{A8EEC51C-81A8-4863-BBA2-42E1F7A01203}.Profile|Mixed Platforms.Build.0 = Profile|Windows Phone
		{A8EEC51C-81A8-4863-BBA2-42E1F7A01203}.Profile|Windows Phone.ActiveCfg = Profile|Windows Phone
		{A8EEC51C-81A8-4863-BBA2-42E1F7A01203}.Profile|Windows Phone.Build.0 = Profile|Windows Phone
		{A8EEC51C-81A8-4863-BBA2-42E1F7A01203}.Profile|x86.ActiveCfg = Profile|Windows Phone
		{A8EEC51C-81A8-4863-BBA2-42E1F7A01203}.Profile|Xbox 360.ActiveCfg = Profile|Windows Phone
		{A8EEC51C-81A8-4863-BBA2-42E1F7A01203}.Release|Any CPU.ActiveCfg = Release|Windows Phone
		{A8EEC51C-81A8-4863-BBA2-42E1F7A01203}.Release|Mixed Platforms.ActiveCfg = Release|Windows Phone
		{A8EEC51C-81A8-4863-BBA2-42E1F7A01203}.Release|Mixed Platforms.Build.0 = Release|Windows Phone
		{A8EEC51C-81A8-4863-BBA2-42E1F7A01203}.Release|Windows Phone.ActiveCfg = Release|Windows Phone
		{A8EEC51C-81A8-4863-BBA2-42E1F7A01203}.Release|Windows Phone.Build.0 = Release|Windows Phone
		{A8EEC51C-81A8-4863-BBA2-42E1F7A01203}.Release|x86.ActiveCfg = Release|Windows Phone
		{A8EEC51C-81A8-4863-BBA2-42E1F7A01203}.Release|Xbox 360.ActiveCfg = Release|Windows Phone
		{A8EEC51C-81A8-4863-BBA2-42E1F7A01203}.Release|Xbox 360.Build.0 = Release|Windows Phone
		{D8692844-58C6-477A-B85F-20A08B6E191B}.Debug|Any CPU.ActiveCfg = Debug|Xbox 360
		{D8692844-58C6-477A-B85F-20A08B6E191B}.Debug|Mixed Platforms.ActiveCfg = Debug|Xbox 360
		{D8692844-58C6-477A-B85F-20A08B6E191B}.Debug|Mixed Platforms.Build.0 = Debug|Xbox 360
		{D8692844-58C6-477A-B85F-20A08B6E191B}.Debug|Windows Phone.ActiveCfg = Debug|Xbox 360
		{D8692844-58C6-477A-B85F-20A08B6E191B}.Debug|Windows Phone.Build.0 = Debug|Xbox 360
		{D8692844-58C6-477A-B85F-20A08B6E191B}.Debug|x86.ActiveCfg = Debug|Xbox 360
		{D8692844-58C6-477A-B85F-20A08B6E191B}.Debug|Xbox 360.ActiveCfg = Debug|Xbox 360
		{D8692844-58C6-477A-B85F-20A08B6E191B}.Debug|Xbox 360.Build.0 = Debug|Xbox 360
		{D8692844-58C6-477A-B85F-20A08B6E191B}.Profile|Any CPU.ActiveCfg = Profile|Xbox 360
		{D8692844-58C6-477A-B85F-20A08B6E191B}.Profile|Mixed Platforms.ActiveCfg = Profile|Xbox 360
		{D8692844-58C6-477A-B85F-20A08B6E191B}.Profile|Mixed Platforms.Build.0 = Profile|Xbox 360
		{D8692844-58C6-477A-B85F-20A08B6E191B}.Profile|Windows Phone.ActiveCfg = Profile|Xbox 360
		{D8692844-58C6-477A-B85F-20A08B6E191B}.Profile|x86.ActiveCfg = Profile|Xbox 360
		{D8692844-58C6-477A-B85F-20A08B6E191B}.Profile|Xbox 360.ActiveCfg = Profile|Xbox 360
		{D8692844-58C6-477A-B85F-20A08B6E191B}.Release|Any CPU.ActiveCfg = Release|Xbox 360
		{D8692844-58C6-477A-B85F-20A08B6E191B}.Release|Mixed Platforms.ActiveCfg = Release|Xbox 360
		{D8692844-58C6-477A-B85F-20A08B6E191B}.Release|Mixed Platforms.Build.0 = Release|Xbox 360
		{D8692844-58C6-477A-B85F-20A08B6E191B}.Release|Windows Phone.ActiveCfg = Release|Xbox 360
		{D8692844-58C6-477A-B85F-20A08B6E191B}.Release|x86.ActiveCfg = Release|Xbox 360
		{D8692844-58C6-477A-B85F-20A08B6E191B}.Release|Xbox 360.ActiveCfg = Release|Xbox 360
		{D8692844-58C6-477A-B85F-20A08B6E191B}.Release|Xbox 360.Build.0 = Release|Xbox 360
		{28588CF1-B67A-40D6-B084-90A40E986220}.Debug|Any CPU.ActiveCfg = Debug|Xbox 360
		{28588CF1-B67A-40D6-B084-90A40E986220}.Debug|Mixed Platforms.ActiveCfg = Debug|Xbox 360
		{28588CF1-B67A-40D6-B084-90A40E986220}.Debug|Mixed Platforms.Build.0 = Debug|Xbox 360
		{28588CF1-B67A-40D6-B084-90A40E986220}.Debug|Windows Phone.ActiveCfg = Debug|Xbox 360
		{28588CF1-B67A-40D6-B084-90A40E986220}.Debug|Windows Phone.Build.0 = Debug|Xbox 360
		{28588CF1-B67A-40D6-B084-90A40E986220}.Debug|x86.ActiveCfg = Debug|Xbox 360
		{28588CF1-B67A-40D6-B084-90A40E986220}.Debug|Xbox 360.ActiveCfg = Debug|Xbox 360
		{28588CF1-B67A-40D6-B084-90A40E986220}.Debug|Xbox 360.Build.0 = Debug|Xbox 360
		{28588CF1-B67A-40D6-B084-90A40E986220}.Profile|Any CPU.ActiveCfg = Profile|Xbox 360
		{28588CF1-B67A-40D6-B084-90A40E986220}.Profile|Mixed Platforms.ActiveCfg = Profile|Xbox 360
		{28588CF1-B67A-40D6-B084-90A40E986220}.Profile|Mixed Platforms.Build.0 = Profile|Xbox 360
		{28588CF1-B67A-40D6-B084-90A40E986220}.Profile|Windows Phone.ActiveCfg = Profile|Xbox 360
		{28588CF1-B67A-40D6-B084-90A40E986220}.Profile|x86.ActiveCfg = Profile|Xbox 360
		{28588CF1-B67A-40D6-B084-90A40E986220}.Profile|Xbox 360.ActiveCfg = Profile|Xbox 360
		{28588CF1-B67A-40D6-B084-90A40E986220}.Release|Any CPU.ActiveCfg = Release|Xbox 360
		{28588CF1-B67A-40D6-B084-90A40E986220}.Release|Mixed Platforms.ActiveCfg = Release|Xbox 360
		{28588CF1-B67A-40D6-B084-90A40E986220}.Release|Mixed Platforms.Build.0 = Release|Xbox 360
		{28588CF1-B67A-40D6-B084-90A40E986220}.Release|Windows Phone.ActiveCfg = Release|Xbox 360
		{28588CF1-B67A-40D6-B084-90A40E986220}.Release|x86.ActiveCfg = Release|Xbox 360
		{28588CF1-B67A-40D6-B084-90A40E986220}.Release|Xbox 360.ActiveCfg = Release|Xbox 360
		{28588CF1-B67A-40D6-B084-90A40E986220}.Release|Xbox 360.Build.0 = Release|Xbox 360
		{0DFFBEA4-FB61-4C72-98C4-04030E9EE7EC}.Debug|Any CPU.ActiveCfg = Debug|Xbox 360
		{0DFFBEA4-FB61-4C72-98C4-04030E9EE7EC}.Debug|Mixed Platforms.ActiveCfg = Debug|Xbox 360
		{0DFFBEA4-FB61-4C72-98C4-04030E9EE7EC}.Debug|Mixed Platforms.Build.0 = Debug|Xbox 360
		{0DFFBEA4-FB61-4C72-98C4-04030E9EE7EC}.Debug|Windows Phone.ActiveCfg = Debug|Xbox 360
		{0DFFBEA4-FB61-4C72-98C4-04030E9EE7EC}.Debug|Windows Phone.Build.0 = Debug|Xbox 360
		{0DFFBEA4-FB61-4C72-98C4-04030E9EE7EC}.Debug|x86.ActiveCfg = Debug|Xbox 360
		{0DFFBEA4-FB61-4C72-98C4-04030E9EE7EC}.Debug|Xbox 360.ActiveCfg = Debug|Xbox 360
		{0DFFBEA4-FB61-4C72-98C4-04030E9EE7EC}.Debug|Xbox 360.Build.0 = Debug|Xbox 360
		{0DFFBEA4-FB61-4C72-98C4-04030E9EE7EC}.Profile|Any CPU.ActiveCfg = Profile|Xbox 360
		{0DFFBEA4-FB61-4C72-98C4-04030E9EE7EC}.Profile|Mixed Platforms.ActiveCfg = Profile|Xbox 360
		{0DFFBEA4-FB61-4C72-98C4-04030E9EE7EC}.Profile|Mixed Platforms.Build.0 = Profile|Xbox 360
		{0DFFBEA4-FB61-4C72-98C4-04030E9EE7EC}.Profile|Windows Phone.ActiveCfg = Profile|Xbox 360
		{0DFFBEA4-FB61-4C72-98C4-04030E9EE7EC}.Profile|x86.ActiveCfg = Profile|Xbox 360
		{0DFFBEA4-FB61-4C72-98C4-04030E9EE7EC}.Profile|Xbox 360.ActiveCfg = Profile|Xbox 360
		{0DFFBEA4-FB61-4C72-98C4-04030E9EE7EC}.Release|Any CPU.ActiveCfg = Release|Xbox 360
		{0DFFBEA4-FB61-4C72-98C4-04030E9EE7EC}.Release|Mixed Platforms.ActiveCfg = Release|Xbox 360
		{0DFFBEA4-FB61-4C72-98C4-04030E9EE7EC}.Release|Mixed Platforms.Build.0 = Release|Xbox 360
		{0DFFBEA4-FB61-4C72-98C4-04030E9EE7EC}.Release|Windows Phone.ActiveCfg = Release|Xbox 360
		{0DFFBEA4-FB61-4C72-98C4-04030E9EE7EC}.Release|x86.ActiveCfg = Release|Xbox 360
		{0DFFBEA4-FB61-4C72-98C4-04030E9EE7EC}.Release|Xbox 360.ActiveCfg = Release|Xbox 360
		{0DFFBEA4-FB61-4C72-98C4-04030E9EE7EC}.Release|Xbox 360.Build.0 = Release|Xbox 360
		{DEB160AD-2CEA-471C-AE78-9F2DFDD58D7F}.Debug|Any CPU.ActiveCfg = Debug|Xbox 360
		{DEB160AD-2CEA-471C-AE78-9F2DFDD58D7F}.Debug|Mixed Platforms.ActiveCfg = Debug|Xbox 360
		{DEB160AD-2CEA-471C-AE78-9F2DFDD58D7F}.Debug|Mixed Platforms.Build.0 = Debug|Xbox 360
		{DEB160AD-2CEA-471C-AE78-9F2DFDD58D7F}.Debug|Windows Phone.ActiveCfg = Debug|Xbox 360
		{DEB160AD-2CEA-471C-AE78-9F2DFDD58D7F}.Debug|Windows Phone.Build.0 = Debug|Xbox 360
		{DEB160AD-2CEA-471C-AE78-9F2DFDD58D7F}.Debug|x86.ActiveCfg = Debug|Xbox 360
		{DEB160AD-2CEA-471C-AE78-9F2DFDD58D7F}.Debug|Xbox 360.ActiveCfg = Debug|Xbox 360
		{DEB160AD-2CEA-471C-AE78-9F2DFDD58D7F}.Debug|Xbox 360.Build.0 = Debug|Xbox 360
		{DEB160AD-2CEA-471C-AE78-9F2DFDD58D7F}.Profile|Any CPU.ActiveCfg = Profile|Xbox 360
		{DEB160AD-2CEA-471C-AE78-9F2DFDD58D7F}.Profile|Mixed Platforms.ActiveCfg = Profile|Xbox 360
		{DEB160AD-2CEA-471C-AE78-9F2DFDD58D7F}.Profile|Mixed Platforms.Build.0 = Profile|Xbox 360
		{DEB160AD-2CEA-471C-AE78-9F2DFDD58D7F}.Profile|Windows Phone.ActiveCfg = Profile|Xbox 360
		{DEB160AD-2CEA-471C-AE78-9F2DFDD58D7F}.Profile|x86.ActiveCfg = Profile|Xbox 360
		{DEB160AD-2CEA-471C-AE78-9F2DFDD58D7F}.Profile|Xbox 360.ActiveCfg = Profile|Xbox 360
		{DEB160AD-2CEA-471C-AE78-9F2DFDD58D7F}.Release|Any CPU.ActiveCfg = Release|Xbox 360
		{DEB160AD-2CEA-471C-AE78-9F2DFDD58D7F}.Release|Mixed Platforms.ActiveCfg = Release|Xbox 360
		{DEB160AD-2CEA-471C-AE78-9F2DFDD58D7F}.Release|Mixed Platforms.Build.0 = Release|Xbox 360
		{DEB160AD-2CEA-471C-AE78-9F2DFDD58D7F}.Release|Windows Phone.ActiveCfg = Release|Xbox 360
		{DEB160AD-2CEA-471C-AE78-9F2DFDD58D7F}.Release|x86.ActiveCfg = Release|Xbox 360
		{DEB160AD-2CEA-471C-AE78-9F2DFDD58D7F}.Release|Xbox 360.ActiveCfg = Release|Xbox 360
		{DEB160AD-2CEA-471C-AE78-9F2DFDD58D7F}.Release|Xbox 360.Build.0 = Release|Xbox 360
		{AFCBCBDD-FD5A-4627-B645-E74BE8DD259A}.Debug|Any CPU.ActiveCfg = Debug|Xbox 360
		{AFCBCBDD-FD5A-4627-B645-E74BE8DD259A}.Debug|Mixed Platforms.ActiveCfg = Debug|Xbox 360
		{AFCBCBDD-FD5A-4627-B645-E74BE8DD259A}.Debug|Mixed Platforms.Build.0 = Debug|Xbox 360
		{AFCBCBDD-FD5A-4627-B645-E74BE8DD259A}.Debug|Windows Phone.ActiveCfg = Debug|Xbox 360
		{AFCBCBDD-FD5A-4627-B645-E74BE8DD259A}.Debug|Windows Phone.Build.0 = Debug|Xbox 360
		{AFCBCBDD-FD5A-4627-B645-E74BE8DD259A}.Debug|x86.ActiveCfg = Debug|Xbox 360
		{AFCBCBDD-FD5A-4627-B645-E74BE8DD259A}.Debug|Xbox 360.ActiveCfg = Debug|Xbox 360
		{AFCBCBDD-FD5A-4627-B645-E74BE8DD259A}.Debug|Xbox 360.Build.0 = Debug|Xbox 360
		{AFCBCBDD-FD5A-4627-B645-E74BE8DD259A}.Profile|Any CPU.ActiveCfg = Profile|Xbox 360
		{AFCBCBDD-FD5A-4627-B645-E74BE8DD259A}.Profile|Mixed Platforms.ActiveCfg = Profile|Xbox 360
		{AFCBCBDD-FD5A-4627-B645-E74BE8DD259A}.Profile|Mixed Platforms.Build.0 = Profile|Xbox 360
		{AFCBCBDD-FD5A-4627-B645-E74BE8DD259A}.Profile|Windows Phone.ActiveCfg = Profile|Xbox 360
		{AFCBCBDD-FD5A-4627-B645-E74BE8DD259A}.Profile|x86.ActiveCfg = Profile|Xbox 360
		{AFCBCBDD-FD5A-4627-B645-E74BE8DD259A}.Profile|Xbox 360.ActiveCfg = Profile|Xbox 360
		{AFCBCBDD-FD5A-4627-B645-E74BE8DD259A}.Release|Any CPU.ActiveCfg = Release|Xbox 360
		{AFCBCBDD-FD5A-4627-B645-E74BE8DD259A}.Release|Mixed Platforms.ActiveCfg = Release|Xbox 360
		{AFCBCBDD-FD5A-4627-B645-E74BE8DD259A}.Release|Mixed Platforms.Build.0 = Release|Xbox 360
		{AFCBCBDD-FD5A-4627-B645-E74BE8DD259A}.Release|Windows Phone.ActiveCfg = Release|Xbox 360
		{AFCBCBDD-FD5A-4627-B645-E74BE8DD259A}.Release|x86.ActiveCfg = Release|Xbox 360
		{AFCBCBDD-FD5A-4627-B645-E74BE8DD259A}.Release|Xbox 360.ActiveCfg = Release|Xbox 360
		{AFCBCBDD-FD5A-4627-B645-E74BE8DD259A}.Release|Xbox 360.Build.0 = Release|Xbox 360
		{F47B81C7-36F7-4DD5-9437-EDEE749E8A30}.Debug|Any CPU.ActiveCfg = Debug|Xbox 360
		{F47B81C7-36F7-4DD5-9437-EDEE749E8A30}.Debug|Mixed Platforms.ActiveCfg = Debug|Xbox 360
		{F47B81C7-36F7-4DD5-9437-EDEE749E8A30}.Debug|Mixed Platforms.Build.0 = Debug|Xbox 360
		{F47B81C7-36F7-4DD5-9437-EDEE749E8A30}.Debug|Windows Phone.ActiveCfg = Debug|Xbox 360
		{F47B81C7-36F7-4DD5-9437-EDEE749E8A30}.Debug|Windows Phone.Build.0 = Debug|Xbox 360
		{F47B81C7-36F7-4DD5-9437-EDEE749E8A30}.Debug|x86.ActiveCfg = Debug|Xbox 360
		{F47B81C7-36F7-4DD5-9437-EDEE749E8A30}.Debug|Xbox 360.ActiveCfg = Debug|Xbox 360
		{F47B81C7-36F7-4DD5-9437-EDEE749E8A30}.Debug|Xbox 360.Build.0 = Debug|Xbox 360
		{F47B81C7-36F7-4DD5-9437-EDEE749E8A30}.Profile|Any CPU.ActiveCfg = Profile|Xbox 360
		{F47B81C7-36F7-4DD5-9437-EDEE749E8A30}.Profile|Mixed Platforms.ActiveCfg = Profile|Xbox 360
		{F47B81C7-36F7-4DD5-9437-EDEE749E8A30}.Profile|Mixed Platforms.Build.0 = Profile|Xbox 360
		{F47B81C7-36F7-4DD5-9437-EDEE749E8A30}.Profile|Windows Phone.ActiveCfg = Profile|Xbox 360
		{F47B81C7-36F7-4DD5-9437-EDEE749E8A30}.Profile|x86.ActiveCfg = Profile|Xbox 360
		{F47B81C7-36F7-4DD5-9437-EDEE749E8A30}.Profile|Xbox 360.ActiveCfg = Profile|Xbox 360
		{F47B81C7-36F7-4DD5-9437-EDEE749E8A30}.Release|Any CPU.ActiveCfg = Release|Xbox 360
		{F47B81C7-36F7-4DD5-9437-EDEE749E8A30}.Release|Mixed Platforms.ActiveCfg = Release|Xbox 360
		{F47B81C7-36F7-4DD5-9437-EDEE749E8A30}.Release|Mixed Platforms.Build.0 = Release|Xbox 360
		{F47B81C7-36F7-4DD5-9437-EDEE749E8A30}.Release|Windows Phone.ActiveCfg = Release|Xbox 360
		{F47B81C7-36F7-4DD5-9437-EDEE749E8A30}.Release|x86.ActiveCfg = Release|Xbox 360
		{F47B81C7-36F7-4DD5-9437-EDEE749E8A30}.Release|Xbox 360.ActiveCfg = Release|Xbox 360
		{F47B81C7-36F7-4DD5-9437-EDEE749E8A30}.Release|Xbox 360.Build.0 = Release|Xbox 360
		{518A150F-DB32-4106-9A57-D7A2FA2A6F1B}.Debug|Any CPU.ActiveCfg = Debug|Xbox 360
		{518A150F-DB32-4106-9A57-D7A2FA2A6F1B}.Debug|Mixed Platforms.ActiveCfg = Debug|Xbox 360
		{518A150F-DB32-4106-9A57-D7A2FA2A6F1B}.Debug|Mixed Platforms.Build.0 = Debug|Xbox 360
		{518A150F-DB32-4106-9A57-D7A2FA2A6F1B}.Debug|Windows Phone.ActiveCfg = Debug|Xbox 360
		{518A150F-DB32-4106-9A57-D7A2FA2A6F1B}.Debug|Windows Phone.Build.0 = Debug|Xbox 360
		{518A150F-DB32-4106-9A57-D7A2FA2A6F1B}.Debug|x86.ActiveCfg = Debug|Xbox 360
		{518A150F-DB32-4106-9A57-D7A2FA2A6F1B}.Debug|Xbox 360.ActiveCfg = Debug|Xbox 360
		{518A150F-DB32-4106-9A57-D7A2FA2A6F1B}.Debug|Xbox 360.Build.0 = Debug|Xbox 360
		{518A150F-DB32-4106-9A57-D7A2FA2A6F1B}.Profile|Any CPU.ActiveCfg = Profile|Xbox 360
		{518A150F-DB32-4106-9A57-D7A2FA2A6F1B}.Profile|Mixed Platforms.ActiveCfg = Profile|Xbox 360
		{518A150F-DB32-4106-9A57-D7A2FA2A6F1B}.Profile|Mixed Platforms.Build.0 = Profile|Xbox 360
		{518A150F-DB32-4106-9A57-D7A2FA2A6F1B}.Profile|Windows Phone.ActiveCfg = Profile|Xbox 360
		{518A150F-DB32-4106-9A57-D7A2FA2A6F1B}.Profile|x86.ActiveCfg = Profile|Xbox 360
		{518A150F-DB32-4106-9A57-D7A2FA2A6F1B}.Profile|Xbox 360.ActiveCfg = Profile|Xbox 360
		{518A150F-DB32-4106-9A57-D7A2FA2A6F1B}.Release|Any CPU.ActiveCfg = Release|Xbox 360
		{518A150F-DB32-4106-9A57-D7A2FA2A6F1B}.Release|Mixed Platforms.ActiveCfg = Release|Xbox 360
		{518A150F-DB32-4106-9A57-D7A2FA2A6F1B}.Release|Mixed Platforms.Build.0 = Release|Xbox 360
		{518A150F-DB32-4106-9A57-D7A2FA2A6F1B}.Release|Windows Phone.ActiveCfg = Release|Xbox 360
		{518A150F-DB32-4106-9A57-D7A2FA2A6F1B}.Release|x86.ActiveCfg = Release|Xbox 360
		{518A150F-DB32-4106-9A57-D7A2FA2A6F1B}.Release|Xbox 360.ActiveCfg = Release|Xbox 360
		{518A150F-DB32-4106-9A57-D7A2FA2A6F1B}.Release|Xbox 360.Build.0 = Release|Xbox 360
		{FC3D8E34-3333-42FB-9B47-3A273B1B50D8}.Debug|Any CPU.ActiveCfg = Debug|x86
		{FC3D8E34-3333-42FB-9B47-3A273B1B50D8}.Debug|Mixed Platforms.ActiveCfg = Debug|x86
		{FC3D8E34-3333-42FB-9B47-3A273B1B50D8}.Debug|Mixed Platforms.Build.0 = Debug|x86
		{FC3D8E34-3333-42FB-9B47-3A273B1B50D8}.Debug|Windows Phone.ActiveCfg = Debug|x86
		{FC3D8E34-3333-42FB-9B47-3A273B1B50D8}.Debug|Windows Phone.Build.0 = Debug|x86
		{FC3D8E34-3333-42FB-9B47-3A273B1B50D8}.Debug|x86.ActiveCfg = Debug|x86
		{FC3D8E34-3333-42FB-9B47-3A273B1B50D8}.Debug|x86.Build.0 = Debug|x86
		{FC3D8E34-3333-42FB-9B47-3A273B1B50D8}.Debug|Xbox 360.ActiveCfg = Debug|x86
		{FC3D8E34-3333-42FB-9B47-3A273B1B50D8}.Profile|Any CPU.ActiveCfg = Profile|x86
		{FC3D8E34-3333-42FB-9B47-3A273B1B50D8}.Profile|Mixed Platforms.ActiveCfg = Profile|x86
		{FC3D8E34-3333-42FB-9B47-3A273B1B50D8}.Profile|Mixed Platforms.Build.0 = Profile|x86
		{FC3D8E34-3333-42FB-9B47-3A273B1B50D8}.Profile|Windows Phone.ActiveCfg = Profile|x86
		{FC3D8E34-3333-42FB-9B47-3A273B1B50D8}.Profile|x86.ActiveCfg = Profile|x86
		{FC3D8E34-3333-42FB-9B47-3A273B1B50D8}.Profile|Xbox 360.ActiveCfg = Profile|x86
		{FC3D8E34-3333-42FB-9B47-3A273B1B50D8}.Release|Any CPU.ActiveCfg = Release|x86
		{FC3D8E34-3333-42FB-9B47-3A273B1B50D8}.Release|Mixed Platforms.ActiveCfg = Release|x86
		{FC3D8E34-3333-42FB-9B47-3A273B1B50D8}.Release|Mixed Platforms.Build.0 = Release|x86
		{FC3D8E34-3333-42FB-9B47-3A273B1B50D8}.Release|Windows Phone.ActiveCfg = Release|x86
		{FC3D8E34-3333-42FB-9B47-3A273B1B50D8}.Release|x86.ActiveCfg = Release|x86
		{FC3D8E34-3333-42FB-9B47-3A273B1B50D8}.Release|x86.Build.0 = Release|x86
		{FC3D8E34-3333-42FB-9B47-3A273B1B50D8}.Release|Xbox 360.ActiveCfg = Release|x86
		{65716E12-A629-449B-91A3-BF1A1ABEB56A}.Debug|Any CPU.ActiveCfg = Debug|x86
		{65716E12-A629-449B-91A3-BF1A1ABEB56A}.Debug|Any CPU.Build.0 = Debug|x86
		{65716E12-A629-449B-91A3-BF1A1ABEB56A}.Debug|Mixed Platforms.ActiveCfg = Debug|x86
		{65716E12-A629-449B-91A3-BF1A1ABEB56A}.Debug|Mixed Platforms.Build.0 = Debug|x86
		{65716E12-A629-449B-91A3-BF1A1ABEB56A}.Debug|Windows Phone.ActiveCfg = Debug|x86
		{65716E12-A629-449B-91A3-BF1A1ABEB56A}.Debug|Windows Phone.Build.0 = Debug|x86
		{65716E12-A629-449B-91A3-BF1A1ABEB56A}.Debug|x86.ActiveCfg = Debug|x86
		{65716E12-A629-449B-91A3-BF1A1ABEB56A}.Debug|x86.Build.0 = Debug|x86
		{65716E12-A629-449B-91A3-BF1A1ABEB56A}.Debug|Xbox 360.ActiveCfg = Debug|x86
		{65716E12-A629-449B-91A3-BF1A1ABEB56A}.Debug|Xbox 360.Build.0 = Debug|x86
		{65716E12-A629-449B-91A3-BF1A1ABEB56A}.Profile|Any CPU.ActiveCfg = Debug|x86
		{65716E12-A629-449B-91A3-BF1A1ABEB56A}.Profile|Any CPU.Build.0 = Debug|x86
		{65716E12-A629-449B-91A3-BF1A1ABEB56A}.Profile|Mixed Platforms.ActiveCfg = Debug|x86
		{65716E12-A629-449B-91A3-BF1A1ABEB56A}.Profile|Mixed Platforms.Build.0 = Debug|x86
		{65716E12-A629-449B-91A3-BF1A1ABEB56A}.Profile|Windows Phone.ActiveCfg = Debug|x86
		{65716E12-A629-449B-91A3-BF1A1ABEB56A}.Profile|Windows Phone.Build.0 = Debug|x86
		{65716E12-A629-449B-91A3-BF1A1ABEB56A}.Profile|x86.ActiveCfg = Debug|x86
		{65716E12-A629-449B-91A3-BF1A1ABEB56A}.Profile|x86.Build.0 = Debug|x86
		{65716E12-A629-449B-91A3-BF1A1ABEB56A}.Profile|Xbox 360.ActiveCfg = Debug|x86
		{65716E12-A629-449B-91A3-BF1A1ABEB56A}.Profile|Xbox 360.Build.0 = Debug|x86
		{65716E12-A629-449B-91A3-BF1A1ABEB56A}.Release|Any CPU.ActiveCfg = Debug|x86
		{65716E12-A629-449B-91A3-BF1A1ABEB56A}.Release|Any CPU.Build.0 = Debug|x86
		{65716E12-A629-449B-91A3-BF1A1ABEB56A}.Release|Mixed Platforms.ActiveCfg = Debug|x86
		{65716E12-A629-449B-91A3-BF1A1ABEB56A}.Release|Mixed Platforms.Build.0 = Debug|x86
		{65716E12-A629-449B-91A3-BF1A1ABEB56A}.Release|Windows Phone.ActiveCfg = Debug|x86
		{65716E12-A629-449B-91A3-BF1A1ABEB56A}.Release|Windows Phone.Build.0 = Debug|x86
		{65716E12-A629-449B-91A3-BF1A1ABEB56A}.Release|x86.ActiveCfg = Debug|x86
		{65716E12-A629-449B-91A3-BF1A1ABEB56A}.Release|x86.Build.0 = Debug|x86
		{65716E12-A629-449B-91A3-BF1A1ABEB56A}.Release|Xbox 360.ActiveCfg = Debug|x86
		{65716E12-A629-449B-91A3-BF1A1ABEB56A}.Release|Xbox 360.Build.0 = Debug|x86
		{F40925B3-500A-41C8-ABF8-78D6759C7F4A}.Debug|Any CPU.ActiveCfg = Debug|Xbox 360
		{F40925B3-500A-41C8-ABF8-78D6759C7F4A}.Debug|Mixed Platforms.ActiveCfg = Debug|Xbox 360
		{F40925B3-500A-41C8-ABF8-78D6759C7F4A}.Debug|Mixed Platforms.Build.0 = Debug|Xbox 360
		{F40925B3-500A-41C8-ABF8-78D6759C7F4A}.Debug|Windows Phone.ActiveCfg = Debug|Xbox 360
		{F40925B3-500A-41C8-ABF8-78D6759C7F4A}.Debug|x86.ActiveCfg = Debug|Xbox 360
		{F40925B3-500A-41C8-ABF8-78D6759C7F4A}.Debug|Xbox 360.ActiveCfg = Debug|Xbox 360
		{F40925B3-500A-41C8-ABF8-78D6759C7F4A}.Debug|Xbox 360.Build.0 = Debug|Xbox 360
		{F40925B3-500A-41C8-ABF8-78D6759C7F4A}.Profile|Any CPU.ActiveCfg = Release|Xbox 360
		{F40925B3-500A-41C8-ABF8-78D6759C7F4A}.Profile|Mixed Platforms.ActiveCfg = Release|Xbox 360
		{F40925B3-500A-41C8-ABF8-78D6759C7F4A}.Profile|Mixed Platforms.Build.0 = Release|Xbox 360
		{F40925B3-500A-41C8-ABF8-78D6759C7F4A}.Profile|Windows Phone.ActiveCfg = Release|Xbox 360
		{F40925B3-500A-41C8-ABF8-78D6759C7F4A}.Profile|x86.ActiveCfg = Release|Xbox 360
		{F40925B3-500A-41C8-ABF8-78D6759C7F4A}.Profile|Xbox 360.ActiveCfg = Release|Xbox 360
		{F40925B3-500A-41C8-ABF8-78D6759C7F4A}.Profile|Xbox 360.Build.0 = Release|Xbox 360
		{F40925B3-500A-41C8-ABF8-78D6759C7F4A}.Release|Any CPU.ActiveCfg = Release|Xbox 360
		{F40925B3-500A-41C8-ABF8-78D6759C7F4A}.Release|Mixed Platforms.ActiveCfg = Release|Xbox 360
		{F40925B3-500A-41C8-ABF8-78D6759C7F4A}.Release|Mixed Platforms.Build.0 = Release|Xbox 360
		{F40925B3-500A-41C8-ABF8-78D6759C7F4A}.Release|Windows Phone.ActiveCfg = Release|Xbox 360
		{F40925B3-500A-41C8-ABF8-78D6759C7F4A}.Release|x86.ActiveCfg = Release|Xbox 360
		{F40925B3-500A-41C8-ABF8-78D6759C7F4A}.Release|Xbox 360.ActiveCfg = Release|Xbox 360
		{F40925B3-500A-41C8-ABF8-78D6759C7F4A}.Release|Xbox 360.Build.0 = Release|Xbox 360
		{73911D37-4250-40BD-8F15-20824D586319}.Debug|Any CPU.ActiveCfg = Debug|x86
		{73911D37-4250-40BD-8F15-20824D586319}.Debug|Mixed Platforms.ActiveCfg = Debug|x86
		{73911D37-4250-40BD-8F15-20824D586319}.Debug|Mixed Platforms.Build.0 = Debug|x86
		{73911D37-4250-40BD-8F15-20824D586319}.Debug|Windows Phone.ActiveCfg = Debug|x86
		{73911D37-4250-40BD-8F15-20824D586319}.Debug|x86.ActiveCfg = Debug|x86
		{73911D37-4250-40BD-8F15-20824D586319}.Debug|x86.Build.0 = Debug|x86
		{73911D37-4250-40BD-8F15-20824D586319}.Debug|Xbox 360.ActiveCfg = Debug|x86
		{73911D37-4250-40BD-8F15-20824D586319}.Profile|Any CPU.ActiveCfg = Release|x86
		{73911D37-4250-40BD-8F15-20824D586319}.Profile|Mixed Platforms.ActiveCfg = Release|x86
		{73911D37-4250-40BD-8F15-20824D586319}.Profile|Mixed Platforms.Build.0 = Release|x86
		{73911D37-4250-40BD-8F15-20824D586319}.Profile|Windows Phone.ActiveCfg = Release|x86
		{73911D37-4250-40BD-8F15-20824D586319}.Profile|x86.ActiveCfg = Release|x86
		{73911D37-4250-40BD-8F15-20824D586319}.Profile|x86.Build.0 = Release|x86
		{73911D37-4250-40BD-8F15-20824D586319}.Profile|Xbox 360.ActiveCfg = Release|x86
		{73911D37-4250-40BD-8F15-20824D586319}.Release|Any CPU.ActiveCfg = Release|x86
		{73911D37-4250-40BD-8F15-20824D586319}.Release|Mixed Platforms.ActiveCfg = Release|x86
		{73911D37-4250-40BD-8F15-20824D586319}.Release|Mixed Platforms.Build.0 = Release|x86
		{73911D37-4250-40BD-8F15-20824D586319}.Release|Windows Phone.ActiveCfg = Release|x86
		{73911D37-4250-40BD-8F15-20824D586319}.Release|x86.ActiveCfg = Release|x86
		{73911D37-4250-40BD-8F15-20824D586319}.Release|x86.Build.0 = Release|x86
		{73911D37-4250-40BD-8F15-20824D586319}.Release|Xbox 360.ActiveCfg = Release|x86
		{EC58850F-3960-426A-BE7D-7DFB67CB00A8}.Debug|Any CPU.ActiveCfg = Debug|Any CPU
		{EC58850F-3960-426A-BE7D-7DFB67CB00A8}.Debug|Mixed Platforms.ActiveCfg = Debug|Any CPU
		{EC58850F-3960-426A-BE7D-7DFB67CB00A8}.Debug|Windows Phone.ActiveCfg = Debug|Any CPU
		{EC58850F-3960-426A-BE7D-7DFB67CB00A8}.Debug|x86.ActiveCfg = Debug|Any CPU
		{EC58850F-3960-426A-BE7D-7DFB67CB00A8}.Debug|Xbox 360.ActiveCfg = Debug|Any CPU
		{EC58850F-3960-426A-BE7D-7DFB67CB00A8}.Profile|Any CPU.ActiveCfg = Debug|Any CPU
		{EC58850F-3960-426A-BE7D-7DFB67CB00A8}.Profile|Mixed Platforms.ActiveCfg = Debug|Any CPU
		{EC58850F-3960-426A-BE7D-7DFB67CB00A8}.Profile|Windows Phone.ActiveCfg = Debug|Any CPU
		{EC58850F-3960-426A-BE7D-7DFB67CB00A8}.Profile|x86.ActiveCfg = Debug|Any CPU
		{EC58850F-3960-426A-BE7D-7DFB67CB00A8}.Profile|Xbox 360.ActiveCfg = Debug|Any CPU
		{EC58850F-3960-426A-BE7D-7DFB67CB00A8}.Release|Any CPU.ActiveCfg = Debug|Any CPU
		{EC58850F-3960-426A-BE7D-7DFB67CB00A8}.Release|Mixed Platforms.ActiveCfg = Debug|Any CPU
		{EC58850F-3960-426A-BE7D-7DFB67CB00A8}.Release|Windows Phone.ActiveCfg = Debug|Any CPU
		{EC58850F-3960-426A-BE7D-7DFB67CB00A8}.Release|x86.ActiveCfg = Debug|Any CPU
		{EC58850F-3960-426A-BE7D-7DFB67CB00A8}.Release|Xbox 360.ActiveCfg = Debug|Any CPU
		{8B8179FB-343A-4B84-A4D1-3A5D945411F6}.Debug|Any CPU.ActiveCfg = Debug|Any CPU
		{8B8179FB-343A-4B84-A4D1-3A5D945411F6}.Debug|Any CPU.Build.0 = Debug|Any CPU
		{8B8179FB-343A-4B84-A4D1-3A5D945411F6}.Debug|Mixed Platforms.ActiveCfg = Debug|Any CPU
		{8B8179FB-343A-4B84-A4D1-3A5D945411F6}.Debug|Mixed Platforms.Build.0 = Debug|Any CPU
		{8B8179FB-343A-4B84-A4D1-3A5D945411F6}.Debug|Windows Phone.ActiveCfg = Debug|Any CPU
		{8B8179FB-343A-4B84-A4D1-3A5D945411F6}.Debug|x86.ActiveCfg = Debug|Any CPU
		{8B8179FB-343A-4B84-A4D1-3A5D945411F6}.Debug|Xbox 360.ActiveCfg = Debug|Any CPU
		{8B8179FB-343A-4B84-A4D1-3A5D945411F6}.Profile|Any CPU.ActiveCfg = Release|Any CPU
		{8B8179FB-343A-4B84-A4D1-3A5D945411F6}.Profile|Any CPU.Build.0 = Release|Any CPU
		{8B8179FB-343A-4B84-A4D1-3A5D945411F6}.Profile|Mixed Platforms.ActiveCfg = Release|Any CPU
		{8B8179FB-343A-4B84-A4D1-3A5D945411F6}.Profile|Mixed Platforms.Build.0 = Release|Any CPU
		{8B8179FB-343A-4B84-A4D1-3A5D945411F6}.Profile|Windows Phone.ActiveCfg = Release|Any CPU
		{8B8179FB-343A-4B84-A4D1-3A5D945411F6}.Profile|x86.ActiveCfg = Release|Any CPU
		{8B8179FB-343A-4B84-A4D1-3A5D945411F6}.Profile|Xbox 360.ActiveCfg = Release|Any CPU
		{8B8179FB-343A-4B84-A4D1-3A5D945411F6}.Release|Any CPU.ActiveCfg = Release|Any CPU
		{8B8179FB-343A-4B84-A4D1-3A5D945411F6}.Release|Any CPU.Build.0 = Release|Any CPU
		{8B8179FB-343A-4B84-A4D1-3A5D945411F6}.Release|Mixed Platforms.ActiveCfg = Release|Any CPU
		{8B8179FB-343A-4B84-A4D1-3A5D945411F6}.Release|Mixed Platforms.Build.0 = Release|Any CPU
		{8B8179FB-343A-4B84-A4D1-3A5D945411F6}.Release|Windows Phone.ActiveCfg = Release|Any CPU
		{8B8179FB-343A-4B84-A4D1-3A5D945411F6}.Release|x86.ActiveCfg = Release|Any CPU
		{8B8179FB-343A-4B84-A4D1-3A5D945411F6}.Release|Xbox 360.ActiveCfg = Release|Any CPU
	EndGlobalSection
	GlobalSection(SolutionProperties) = preSolution
		HideSolutionNode = FALSE
	EndGlobalSection
	GlobalSection(NestedProjects) = preSolution
		{630AEBBC-AF42-4700-A24F-F4B6FF8172F1} = {51639AEF-1947-441F-AF85-62E9FE1C5F63}
		{5CDABE8C-7C9C-4163-8C85-FEA731088239} = {51639AEF-1947-441F-AF85-62E9FE1C5F63}
		{ADFDCC4A-8805-4BCA-9FBA-FB04920AFA33} = {51639AEF-1947-441F-AF85-62E9FE1C5F63}
		{F987DEC5-E12F-4566-A200-DE18D6044E21} = {51639AEF-1947-441F-AF85-62E9FE1C5F63}
		{A753A526-F119-4913-AA45-252706E9C84B} = {51639AEF-1947-441F-AF85-62E9FE1C5F63}
		{DF7B71E5-B8C9-4919-A15D-F1187556A909} = {51639AEF-1947-441F-AF85-62E9FE1C5F63}
		{FDB5A9D8-9266-4F7B-BDE7-D4E720F5B45F} = {51639AEF-1947-441F-AF85-62E9FE1C5F63}
		{FC3D8E34-3333-42FB-9B47-3A273B1B50D8} = {51639AEF-1947-441F-AF85-62E9FE1C5F63}
		{73911D37-4250-40BD-8F15-20824D586319} = {51639AEF-1947-441F-AF85-62E9FE1C5F63}
		{C9FCCA1A-B54D-4E1B-8F21-1E408F9D6883} = {2539B782-1AF0-44D2-9D91-5FB05D61ACB7}
		{94DFEAB5-69AC-4FDF-B998-1FB883161B71} = {2539B782-1AF0-44D2-9D91-5FB05D61ACB7}
		{DAA16A56-9FCB-4D8C-81FB-65C755F6953C} = {2539B782-1AF0-44D2-9D91-5FB05D61ACB7}
		{8B332F69-0F1B-4F66-ADD3-39F87D55A551} = {2539B782-1AF0-44D2-9D91-5FB05D61ACB7}
		{9244AAF3-A858-4EEE-97D3-8D906E5E6875} = {2539B782-1AF0-44D2-9D91-5FB05D61ACB7}
		{A8EEC51C-81A8-4863-BBA2-42E1F7A01203} = {2539B782-1AF0-44D2-9D91-5FB05D61ACB7}
		{64AB93AB-0058-4EB2-82DF-F5D219B684C1} = {2539B782-1AF0-44D2-9D91-5FB05D61ACB7}
		{28588CF1-B67A-40D6-B084-90A40E986220} = {4039A3D4-E465-43DD-8FD2-A757A027DD83}
		{0DFFBEA4-FB61-4C72-98C4-04030E9EE7EC} = {4039A3D4-E465-43DD-8FD2-A757A027DD83}
		{DEB160AD-2CEA-471C-AE78-9F2DFDD58D7F} = {4039A3D4-E465-43DD-8FD2-A757A027DD83}
		{AFCBCBDD-FD5A-4627-B645-E74BE8DD259A} = {4039A3D4-E465-43DD-8FD2-A757A027DD83}
		{F47B81C7-36F7-4DD5-9437-EDEE749E8A30} = {4039A3D4-E465-43DD-8FD2-A757A027DD83}
		{518A150F-DB32-4106-9A57-D7A2FA2A6F1B} = {4039A3D4-E465-43DD-8FD2-A757A027DD83}
		{D8692844-58C6-477A-B85F-20A08B6E191B} = {4039A3D4-E465-43DD-8FD2-A757A027DD83}
		{F40925B3-500A-41C8-ABF8-78D6759C7F4A} = {4039A3D4-E465-43DD-8FD2-A757A027DD83}
	EndGlobalSection
	GlobalSection(SubversionScc) = preSolution
		Svn-Managed = True
		Manager = AnkhSVN - Subversion Support for Visual Studio
	EndGlobalSection
EndGlobal
